// !$*UTF8*$!
{
	archiveVersion = 1;
	classes = {
	};
	objectVersion = 55;
	objects = {

/* Begin PBXBuildFile section */
		1E1ADEAA2FB1D9CA00A9DA6C /* GoogleService-Info.plist in Resources */ = {isa = PBXBuildFile; fileRef = 1E1ADEA92FB1D9CA00A9DA6C /* GoogleService-Info.plist */; };
		1E1ADEAD2FB1DA8600A9DA6C /* FirebaseAuth in Frameworks */ = {isa = PBXBuildFile; productRef = 1E1ADEAC2FB1DA8600A9DA6C /* FirebaseAuth */; };
		1E1ADEAF2FB1DA9100A9DA6C /* FirebaseFirestore in Frameworks */ = {isa = PBXBuildFile; productRef = 1E1ADEAE2FB1DA9100A9DA6C /* FirebaseFirestore */; };
		1E30E2B12FA1C48800F3A28C /* Configurations in Resources */ = {isa = PBXBuildFile; fileRef = 1E30E2B02FA1C48800F3A28C /* Configurations */; };
		6D2565D42FC14004000C4FAC /* SeatMapSkeletonView.swift in Sources */ = {isa = PBXBuildFile; fileRef = 6D2565D32FC14004000C4FAC /* SeatMapSkeletonView.swift */; };
		6D4CB989301BBBA900639732 /* Assets.xcassets in Resources */ = {isa = PBXBuildFile; fileRef = 6D4CB988301BBBA900639732 /* Assets.xcassets */; };
		6D78D3992FBD8C8400539410 /* Animations.swift in Sources */ = {isa = PBXBuildFile; fileRef = 6D78D31D2FBD8C8400539410 /* Animations.swift */; };
		6D78D39A2FBD8C8400539410 /* NetworkClient.swift in Sources */ = {isa = PBXBuildFile; fileRef = 6D78D37F2FBD8C8400539410 /* NetworkClient.swift */; };
		6D78D39B2FBD8C8400539410 /* DatePickerStrip.swift in Sources */ = {isa = PBXBuildFile; fileRef = 6D78D3552FBD8C8400539410 /* DatePickerStrip.swift */; };
		6D78D39C2FBD8C8400539410 /* SeatTypeEntity.swift in Sources */ = {isa = PBXBuildFile; fileRef = 6D78D3642FBD8C8400539410 /* SeatTypeEntity.swift */; };
		6D78D39D2FBD8C8400539410 /* CheckoutView.swift in Sources */ = {isa = PBXBuildFile; fileRef = 6D78D3382FBD8C8400539410 /* CheckoutView.swift */; };
		6D78D39E2FBD8C8400539410 /* ShowtimePickerView.swift in Sources */ = {isa = PBXBuildFile; fileRef = 6D78D3582FBD8C8400539410 /* ShowtimePickerView.swift */; };
		6D78D39F2FBD8C8400539410 /* CheckTicketsIntent.swift in Sources */ = {isa = PBXBuildFile; fileRef = 6D78D3682FBD8C8400539410 /* CheckTicketsIntent.swift */; };
		6D78D3A02FBD8C8400539410 /* FloatingHoldTimerBar.swift in Sources */ = {isa = PBXBuildFile; fileRef = 6D78D34D2FBD8C8400539410 /* FloatingHoldTimerBar.swift */; };
		6D78D3A12FBD8C8400539410 /* TicketRepository.swift in Sources */ = {isa = PBXBuildFile; fileRef = 6D78D38D2FBD8C8400539410 /* TicketRepository.swift */; };
		6D78D3A22FBD8C8400539410 /* KeychainWrapper.swift in Sources */ = {isa = PBXBuildFile; fileRef = 6D78D3902FBD8C8400539410 /* KeychainWrapper.swift */; };
		6D78D3A32FBD8C8400539410 /* TicketCardView.swift in Sources */ = {isa = PBXBuildFile; fileRef = 6D78D35C2FBD8C8400539410 /* TicketCardView.swift */; };
		6D78D3A42FBD8C8400539410 /* FnBMenuView.swift in Sources */ = {isa = PBXBuildFile; fileRef = 6D78D33B2FBD8C8400539410 /* FnBMenuView.swift */; };
		6D78D3A52FBD8C8400539410 /* PaymentMethodCard.swift in Sources */ = {isa = PBXBuildFile; fileRef = 6D78D3392FBD8C8400539410 /* PaymentMethodCard.swift */; };
		6D78D3A5AABB00000053ABCD /* QRDemoPaymentSheet.swift in Sources */ = {isa = PBXBuildFile; fileRef = 6D78D339AABB00000053ABCD /* QRDemoPaymentSheet.swift */; };
		6D78D3A62FBD8C8400539410 /* PassKitManager.swift in Sources */ = {isa = PBXBuildFile; fileRef = 6D78D3932FBD8C8400539410 /* PassKitManager.swift */; };
		6D78D3A72FBD8C8400539410 /* MovieBookingAppApp.swift in Sources */ = {isa = PBXBuildFile; fileRef = 6D78D35F2FBD8C8400539410 /* MovieBookingAppApp.swift */; };
		6D78D3A82FBD8C8400539410 /* FirestoreOrderRepository.swift in Sources */ = {isa = PBXBuildFile; fileRef = 6D78D3862FBD8C8400539410 /* FirestoreOrderRepository.swift */; };
		6D78D3A92FBD8C8400539410 /* FnBOptionEntity.swift in Sources */ = {isa = PBXBuildFile; fileRef = 6D78D3622FBD8C8400539410 /* FnBOptionEntity.swift */; };
		6D78D3AA2FBD8C8400539410 /* Cinema.swift in Sources */ = {isa = PBXBuildFile; fileRef = 6D78D3732FBD8C8400539410 /* Cinema.swift */; };
		6D78D3AB2FBD8C8400539410 /* SSEClient.swift in Sources */ = {isa = PBXBuildFile; fileRef = 6D78D3812FBD8C8400539410 /* SSEClient.swift */; };
		6D78D3AC2FBD8C8400539410 /* ShowtimeViewModel.swift in Sources */ = {isa = PBXBuildFile; fileRef = 6D78D3332FBD8C8400539410 /* ShowtimeViewModel.swift */; };
		6D78D3AD2FBD8C8400539410 /* FilterChipView.swift in Sources */ = {isa = PBXBuildFile; fileRef = 6D78D33D2FBD8C8400539410 /* FilterChipView.swift */; };
		6D78D3AE2FBD8C8400539410 /* NotificationManager.swift in Sources */ = {isa = PBXBuildFile; fileRef = 6D78D3922FBD8C8400539410 /* NotificationManager.swift */; };
		6D78D3AF2FBD8C8400539410 /* FirebaseIntentSetup.swift in Sources */ = {isa = PBXBuildFile; fileRef = 6D78D36E2FBD8C8400539410 /* FirebaseIntentSetup.swift */; };
		6D78D3B02FBD8C8400539410 /* UserProfile.swift in Sources */ = {isa = PBXBuildFile; fileRef = 6D78D37B2FBD8C8400539410 /* UserProfile.swift */; };
		6D78D3B12FBD8C8400539410 /* Movie.swift in Sources */ = {isa = PBXBuildFile; fileRef = 6D78D3752FBD8C8400539410 /* Movie.swift */; };
		6D78D3B22FBD8C8400539410 /* SeatMapLayout.swift in Sources */ = {isa = PBXBuildFile; fileRef = 6D78D3782FBD8C8400539410 /* SeatMapLayout.swift */; };
		6D78D3B32FBD8C8400539410 /* LoginView.swift in Sources */ = {isa = PBXBuildFile; fileRef = 6D78D3352FBD8C8400539410 /* LoginView.swift */; };
		6D78D3B42FBD8C8400539410 /* ProfileView.swift in Sources */ = {isa = PBXBuildFile; fileRef = 6D78D3492FBD8C8400539410 /* ProfileView.swift */; };
		6D78D3B52FBD8C8400539410 /* FirestoreSeatRepository.swift in Sources */ = {isa = PBXBuildFile; fileRef = 6D78D3872FBD8C8400539410 /* FirestoreSeatRepository.swift */; };
		6D78D3B62FBD8C8400539410 /* AppViewModel.swift in Sources */ = {isa = PBXBuildFile; fileRef = 6D78D3292FBD8C8400539410 /* AppViewModel.swift */; };
		6D78D3B72FBD8C8400539410 /* SearchView.swift in Sources */ = {isa = PBXBuildFile; fileRef = 6D78D34B2FBD8C8400539410 /* SearchView.swift */; };
		6D78D3B82FBD8C8400539410 /* CastRowView.swift in Sources */ = {isa = PBXBuildFile; fileRef = 6D78D3432FBD8C8400539410 /* CastRowView.swift */; };
		6D78D3B92FBD8C8400539410 /* FirestoreUserRepository.swift in Sources */ = {isa = PBXBuildFile; fileRef = 6D78D3892FBD8C8400539410 /* FirestoreUserRepository.swift */; };
		6D78D3BA2FBD8C8400539410 /* BookingUseCases.swift in Sources */ = {isa = PBXBuildFile; fileRef = 6D78D3962FBD8C8400539410 /* BookingUseCases.swift */; };
		6D78D3BB2FBD8C8400539410 /* MyTicketsViewModel.swift in Sources */ = {isa = PBXBuildFile; fileRef = 6D78D3302FBD8C8400539410 /* MyTicketsViewModel.swift */; };
		6D78D3BC2FBD8C8400539410 /* FirestoreCinemaRepository.swift in Sources */ = {isa = PBXBuildFile; fileRef = 6D78D3832FBD8C8400539410 /* FirestoreCinemaRepository.swift */; };
		6D78D3BD2FBD8C8400539410 /* BookingSuccessView.swift in Sources */ = {isa = PBXBuildFile; fileRef = 6D78D3372FBD8C8400539410 /* BookingSuccessView.swift */; };
		6D78D3BE2FBD8C8400539410 /* ETicketView.swift in Sources */ = {isa = PBXBuildFile; fileRef = 6D78D35A2FBD8C8400539410 /* ETicketView.swift */; };
		6D78D3BF2FBD8C8400539410 /* SeatMapCanvas.swift in Sources */ = {isa = PBXBuildFile; fileRef = 6D78D3502FBD8C8400539410 /* SeatMapCanvas.swift */; };
		6D78D3C02FBD8C8400539410 /* HapticManager.swift in Sources */ = {isa = PBXBuildFile; fileRef = 6D78D31F2FBD8C8400539410 /* HapticManager.swift */; };
		6D78D3C12FBD8C8400539410 /* Seat.swift in Sources */ = {isa = PBXBuildFile; fileRef = 6D78D3772FBD8C8400539410 /* Seat.swift */; };
		6D78D3C22FBD8C8400539410 /* MyTicketsView.swift in Sources */ = {isa = PBXBuildFile; fileRef = 6D78D35B2FBD8C8400539410 /* MyTicketsView.swift */; };
		6D78D3C32FBD8C8400539410 /* CoreDataStack.swift in Sources */ = {isa = PBXBuildFile; fileRef = 6D78D3712FBD8C8400539410 /* CoreDataStack.swift */; };
		6D78D3C42FBD8C8400539410 /* ETicketViewModel.swift in Sources */ = {isa = PBXBuildFile; fileRef = 6D78D32C2FBD8C8400539410 /* ETicketViewModel.swift */; };
		6D78D3C52FBD8C8400539410 /* FirestoreMovieRepository.swift in Sources */ = {isa = PBXBuildFile; fileRef = 6D78D3852FBD8C8400539410 /* FirestoreMovieRepository.swift */; };
		6D78D3C62FBD8C8400539410 /* AuthViewModel.swift in Sources */ = {isa = PBXBuildFile; fileRef = 6D78D32A2FBD8C8400539410 /* AuthViewModel.swift */; };
		6D78D3C72FBD8C8400539410 /* SeatMapViewModel.swift in Sources */ = {isa = PBXBuildFile; fileRef = 6D78D3322FBD8C8400539410 /* SeatMapViewModel.swift */; };
		6D78D3C82FBD8C8400539410 /* CacheRepository.swift in Sources */ = {isa = PBXBuildFile; fileRef = 6D78D3702FBD8C8400539410 /* CacheRepository.swift */; };
		6D78D3C92FBD8C8400539410 /* PaymentQRSnippetView.swift in Sources */ = {isa = PBXBuildFile; fileRef = 6D78D36C2FBD8C8400539410 /* PaymentQRSnippetView.swift */; };
		6D78D3CA2FBD8C8400539410 /* MovieCardView.swift in Sources */ = {isa = PBXBuildFile; fileRef = 6D78D33F2FBD8C8400539410 /* MovieCardView.swift */; };
		6D78D3CB2FBD8C8400539410 /* ShowtimeRepository.swift in Sources */ = {isa = PBXBuildFile; fileRef = 6D78D38C2FBD8C8400539410 /* ShowtimeRepository.swift */; };
		6D78D3CC2FBD8C8400539410 /* ImageCacheService.swift in Sources */ = {isa = PBXBuildFile; fileRef = 6D78D3272FBD8C8400539410 /* ImageCacheService.swift */; };
		6D78D3CD2FBD8C8400539410 /* BookingSnippetView.swift in Sources */ = {isa = PBXBuildFile; fileRef = 6D78D36B2FBD8C8400539410 /* BookingSnippetView.swift */; };
		6D78D3CE2FBD8C8400539410 /* CinemaAPI.swift in Sources */ = {isa = PBXBuildFile; fileRef = 6D78D37D2FBD8C8400539410 /* CinemaAPI.swift */; };
		6D78D3CF2FBD8C8400539410 /* Ticket.swift in Sources */ = {isa = PBXBuildFile; fileRef = 6D78D37A2FBD8C8400539410 /* Ticket.swift */; };
		6D78D3D02FBD8C8400539410 /* CinematicketShortcuts.swift in Sources */ = {isa = PBXBuildFile; fileRef = 6D78D3692FBD8C8400539410 /* CinematicketShortcuts.swift */; };
		6D78D3D12FBD8C8400539410 /* HomeView.swift in Sources */ = {isa = PBXBuildFile; fileRef = 6D78D3412FBD8C8400539410 /* HomeView.swift */; };
		6D78D3D22FBD8C8400539410 /* SeatMapView.swift in Sources */ = {isa = PBXBuildFile; fileRef = 6D78D3522FBD8C8400539410 /* SeatMapView.swift */; };
		6D78D3D32FBD8C8400539410 /* ShowtimeBadgeView.swift in Sources */ = {isa = PBXBuildFile; fileRef = 6D78D3562FBD8C8400539410 /* ShowtimeBadgeView.swift */; };
		6D78D3D42FBD8C8400539410 /* MovieEntity.swift in Sources */ = {isa = PBXBuildFile; fileRef = 6D78D3632FBD8C8400539410 /* MovieEntity.swift */; };
		6D78D3D52FBD8C8400539410 /* LiveActivityManager.swift in Sources */ = {isa = PBXBuildFile; fileRef = 6D78D3222FBD8C8400539410 /* LiveActivityManager.swift */; };
		6D78D3D62FBD8C8400539410 /* FnBViewModel.swift in Sources */ = {isa = PBXBuildFile; fileRef = 6D78D32D2FBD8C8400539410 /* FnBViewModel.swift */; };
		6D78D3D72FBD8C8400539410 /* RatingBadgeView.swift in Sources */ = {isa = PBXBuildFile; fileRef = 6D78D3442FBD8C8400539410 /* RatingBadgeView.swift */; };
		6D78D3D82FBD8C8400539410 /* Showtime.swift in Sources */ = {isa = PBXBuildFile; fileRef = 6D78D3792FBD8C8400539410 /* Showtime.swift */; };
		6D78D3D92FBD8C8400539410 /* CinemaAccordionView.swift in Sources */ = {isa = PBXBuildFile; fileRef = 6D78D3542FBD8C8400539410 /* CinemaAccordionView.swift */; };
		6D78D3DA2FBD8C8400539410 /* PaymentService.swift in Sources */ = {isa = PBXBuildFile; fileRef = 6D78D3942FBD8C8400539410 /* PaymentService.swift */; };
		6D78D3DB2FBD8C8400539410 /* FirestoreFnBRepository.swift in Sources */ = {isa = PBXBuildFile; fileRef = 6D78D3842FBD8C8400539410 /* FirestoreFnBRepository.swift */; };
		6D78D3DC2FBD8C8400539410 /* EditProfileView.swift in Sources */ = {isa = PBXBuildFile; fileRef = 6D78D3482FBD8C8400539410 /* EditProfileView.swift */; };
		6D78D3DD2FBD8C8400539410 /* Colors.swift in Sources */ = {isa = PBXBuildFile; fileRef = 6D78D31E2FBD8C8400539410 /* Colors.swift */; };
		6D78D3DE2FBD8C8400539410 /* SeatLegendView.swift in Sources */ = {isa = PBXBuildFile; fileRef = 6D78D34F2FBD8C8400539410 /* SeatLegendView.swift */; };
		6D78D3DF2FBD8C8400539410 /* MovieAPI.swift in Sources */ = {isa = PBXBuildFile; fileRef = 6D78D37E2FBD8C8400539410 /* MovieAPI.swift */; };
		6D78D3E02FBD8C8400539410 /* CheckoutViewModel.swift in Sources */ = {isa = PBXBuildFile; fileRef = 6D78D32B2FBD8C8400539410 /* CheckoutViewModel.swift */; };
		6D78D3E12FBD8C8400539410 /* ShowtimeEntity.swift in Sources */ = {isa = PBXBuildFile; fileRef = 6D78D3652FBD8C8400539410 /* ShowtimeEntity.swift */; };
		6D78D3E22FBD8C8400539410 /* MovieDetailViewModel.swift in Sources */ = {isa = PBXBuildFile; fileRef = 6D78D32F2FBD8C8400539410 /* MovieDetailViewModel.swift */; };
		6D78D3E32FBD8C8400539410 /* MiniCartView.swift in Sources */ = {isa = PBXBuildFile; fileRef = 6D78D34E2FBD8C8400539410 /* MiniCartView.swift */; };
		6D78D3E42FBD8C8400539410 /* GlassCardView.swift in Sources */ = {isa = PBXBuildFile; fileRef = 6D78D31B2FBD8C8400539410 /* GlassCardView.swift */; };
		6D78D3E52FBD8C8400539410 /* CinemaEntity.swift in Sources */ = {isa = PBXBuildFile; fileRef = 6D78D3612FBD8C8400539410 /* CinemaEntity.swift */; };
		6D78D3E62FBD8C8400539410 /* ProfileViewModel.swift in Sources */ = {isa = PBXBuildFile; fileRef = 6D78D3312FBD8C8400539410 /* ProfileViewModel.swift */; };
		6D78D3E72FBD8C8400539410 /* ShowtimeAPI.swift in Sources */ = {isa = PBXBuildFile; fileRef = 6D78D3802FBD8C8400539410 /* ShowtimeAPI.swift */; };
		6D78D3E82FBD8C8400539410 /* HomeViewModel.swift in Sources */ = {isa = PBXBuildFile; fileRef = 6D78D32E2FBD8C8400539410 /* HomeViewModel.swift */; };
		6D78D3E92FBD8C8400539410 /* CinematicButton.swift in Sources */ = {isa = PBXBuildFile; fileRef = 6D78D31A2FBD8C8400539410 /* CinematicButton.swift */; };
		6D78D3EA2FBD8C8400539410 /* SeatRepository.swift in Sources */ = {isa = PBXBuildFile; fileRef = 6D78D38B2FBD8C8400539410 /* SeatRepository.swift */; };
		6D78D3EB2FBD8C8400539410 /* Order.swift in Sources */ = {isa = PBXBuildFile; fileRef = 6D78D3762FBD8C8400539410 /* Order.swift */; };
		6D78D3EC2FBD8C8400539410 /* FnBItem.swift in Sources */ = {isa = PBXBuildFile; fileRef = 6D78D3742FBD8C8400539410 /* FnBItem.swift */; };
		6D78D3ED2FBD8C8400539410 /* FirestoreTicketRepository.swift in Sources */ = {isa = PBXBuildFile; fileRef = 6D78D3882FBD8C8400539410 /* FirestoreTicketRepository.swift */; };
		6D78D3EE2FBD8C8400539410 /* ShowtimeActivityAttributes.swift in Sources */ = {isa = PBXBuildFile; fileRef = 6D78D3232FBD8C8400539410 /* ShowtimeActivityAttributes.swift */; };
		6D78D3EF2FBD8C8400539410 /* MovieDetailView.swift in Sources */ = {isa = PBXBuildFile; fileRef = 6D78D3462FBD8C8400539410 /* MovieDetailView.swift */; };
		6D78D3F02FBD8C8400539410 /* FirebaseAuthManager.swift in Sources */ = {isa = PBXBuildFile; fileRef = 6D78D38F2FBD8C8400539410 /* FirebaseAuthManager.swift */; };
		6D78D3F12FBD8C8400539410 /* BookMovieIntent.swift in Sources */ = {isa = PBXBuildFile; fileRef = 6D78D3672FBD8C8400539410 /* BookMovieIntent.swift */; };
		6D78D3F22FBD8C8400539410 /* MovieRepository.swift in Sources */ = {isa = PBXBuildFile; fileRef = 6D78D38A2FBD8C8400539410 /* MovieRepository.swift */; };
		6D78D3F32FBD8C8400539410 /* AppRouter.swift in Sources */ = {isa = PBXBuildFile; fileRef = 6D78D3252FBD8C8400539410 /* AppRouter.swift */; };
		6D78D3F42FBD8C8400539410 /* HeroCarouselView.swift in Sources */ = {isa = PBXBuildFile; fileRef = 6D78D33E2FBD8C8400539410 /* HeroCarouselView.swift */; };
		6D78D3F52FBD8C8400539410 /* Typography.swift in Sources */ = {isa = PBXBuildFile; fileRef = 6D78D3202FBD8C8400539410 /* Typography.swift */; };
		6D78D3F72FBD9E2600539410 /* SharedUserSession.swift in Sources */ = {isa = PBXBuildFile; fileRef = 6D78D3F62FBD9E2600539410 /* SharedUserSession.swift */; };
/* End PBXBuildFile section */

/* Begin PBXContainerItemProxy section */
		1EE9968A2FA1C3DF0022705C /* PBXContainerItemProxy */ = {
			isa = PBXContainerItemProxy;
			containerPortal = 1EE996712FA1C3DD0022705C /* Project object */;
			proxyType = 1;
			remoteGlobalIDString = 1EE996782FA1C3DE0022705C;
			remoteInfo = MovieBookingApp;
		};
		1EE996942FA1C3DF0022705C /* PBXContainerItemProxy */ = {
			isa = PBXContainerItemProxy;
			containerPortal = 1EE996712FA1C3DD0022705C /* Project object */;
			proxyType = 1;
			remoteGlobalIDString = 1EE996782FA1C3DE0022705C;
			remoteInfo = MovieBookingApp;
		};
/* End PBXContainerItemProxy section */

/* Begin PBXFileReference section */
		1E1ADEA92FB1D9CA00A9DA6C /* GoogleService-Info.plist */ = {isa = PBXFileReference; fileEncoding = 4; lastKnownFileType = text.plist.xml; path = "GoogleService-Info.plist"; sourceTree = "<group>"; };
		1E30E2B02FA1C48800F3A28C /* Configurations */ = {isa = PBXFileReference; lastKnownFileType = folder; path = Configurations; sourceTree = "<group>"; };
		1EE996792FA1C3DE0022705C /* MovieBookingApp.app */ = {isa = PBXFileReference; explicitFileType = wrapper.application; includeInIndex = 0; path = MovieBookingApp.app; sourceTree = BUILT_PRODUCTS_DIR; };
		1EE996892FA1C3DF0022705C /* MovieBookingAppTests.xctest */ = {isa = PBXFileReference; explicitFileType = wrapper.cfbundle; includeInIndex = 0; path = MovieBookingAppTests.xctest; sourceTree = BUILT_PRODUCTS_DIR; };
		1EE996932FA1C3DF0022705C /* MovieBookingAppUITests.xctest */ = {isa = PBXFileReference; explicitFileType = wrapper.cfbundle; includeInIndex = 0; path = MovieBookingAppUITests.xctest; sourceTree = BUILT_PRODUCTS_DIR; };
		6D2565D32FC14004000C4FAC /* SeatMapSkeletonView.swift */ = {isa = PBXFileReference; lastKnownFileType = sourcecode.swift; path = SeatMapSkeletonView.swift; sourceTree = "<group>"; };
		6D4CB988301BBBA900639732 /* Assets.xcassets */ = {isa = PBXFileReference; lastKnownFileType = folder.assetcatalog; path = Assets.xcassets; sourceTree = "<group>"; };
		6D78D31A2FBD8C8400539410 /* CinematicButton.swift */ = {isa = PBXFileReference; lastKnownFileType = sourcecode.swift; path = CinematicButton.swift; sourceTree = "<group>"; };
		6D78D31B2FBD8C8400539410 /* GlassCardView.swift */ = {isa = PBXFileReference; lastKnownFileType = sourcecode.swift; path = GlassCardView.swift; sourceTree = "<group>"; };
		6D78D31D2FBD8C8400539410 /* Animations.swift */ = {isa = PBXFileReference; lastKnownFileType = sourcecode.swift; path = Animations.swift; sourceTree = "<group>"; };
		6D78D31E2FBD8C8400539410 /* Colors.swift */ = {isa = PBXFileReference; lastKnownFileType = sourcecode.swift; path = Colors.swift; sourceTree = "<group>"; };
		6D78D31F2FBD8C8400539410 /* HapticManager.swift */ = {isa = PBXFileReference; lastKnownFileType = sourcecode.swift; path = HapticManager.swift; sourceTree = "<group>"; };
		6D78D3202FBD8C8400539410 /* Typography.swift */ = {isa = PBXFileReference; lastKnownFileType = sourcecode.swift; path = Typography.swift; sourceTree = "<group>"; };
		6D78D3222FBD8C8400539410 /* LiveActivityManager.swift */ = {isa = PBXFileReference; lastKnownFileType = sourcecode.swift; path = LiveActivityManager.swift; sourceTree = "<group>"; };
		6D78D3232FBD8C8400539410 /* ShowtimeActivityAttributes.swift */ = {isa = PBXFileReference; lastKnownFileType = sourcecode.swift; path = ShowtimeActivityAttributes.swift; sourceTree = "<group>"; };
		6D78D3252FBD8C8400539410 /* AppRouter.swift */ = {isa = PBXFileReference; lastKnownFileType = sourcecode.swift; path = AppRouter.swift; sourceTree = "<group>"; };
		6D78D3272FBD8C8400539410 /* ImageCacheService.swift */ = {isa = PBXFileReference; lastKnownFileType = sourcecode.swift; path = ImageCacheService.swift; sourceTree = "<group>"; };
		6D78D3292FBD8C8400539410 /* AppViewModel.swift */ = {isa = PBXFileReference; lastKnownFileType = sourcecode.swift; path = AppViewModel.swift; sourceTree = "<group>"; };
		6D78D32A2FBD8C8400539410 /* AuthViewModel.swift */ = {isa = PBXFileReference; lastKnownFileType = sourcecode.swift; path = AuthViewModel.swift; sourceTree = "<group>"; };
		6D78D32B2FBD8C8400539410 /* CheckoutViewModel.swift */ = {isa = PBXFileReference; lastKnownFileType = sourcecode.swift; path = CheckoutViewModel.swift; sourceTree = "<group>"; };
		6D78D32C2FBD8C8400539410 /* ETicketViewModel.swift */ = {isa = PBXFileReference; lastKnownFileType = sourcecode.swift; path = ETicketViewModel.swift; sourceTree = "<group>"; };
		6D78D32D2FBD8C8400539410 /* FnBViewModel.swift */ = {isa = PBXFileReference; lastKnownFileType = sourcecode.swift; path = FnBViewModel.swift; sourceTree = "<group>"; };
		6D78D32E2FBD8C8400539410 /* HomeViewModel.swift */ = {isa = PBXFileReference; lastKnownFileType = sourcecode.swift; path = HomeViewModel.swift; sourceTree = "<group>"; };
		6D78D32F2FBD8C8400539410 /* MovieDetailViewModel.swift */ = {isa = PBXFileReference; lastKnownFileType = sourcecode.swift; path = MovieDetailViewModel.swift; sourceTree = "<group>"; };
		6D78D3302FBD8C8400539410 /* MyTicketsViewModel.swift */ = {isa = PBXFileReference; lastKnownFileType = sourcecode.swift; path = MyTicketsViewModel.swift; sourceTree = "<group>"; };
		6D78D3312FBD8C8400539410 /* ProfileViewModel.swift */ = {isa = PBXFileReference; lastKnownFileType = sourcecode.swift; path = ProfileViewModel.swift; sourceTree = "<group>"; };
		6D78D3322FBD8C8400539410 /* SeatMapViewModel.swift */ = {isa = PBXFileReference; lastKnownFileType = sourcecode.swift; path = SeatMapViewModel.swift; sourceTree = "<group>"; };
		6D78D3332FBD8C8400539410 /* ShowtimeViewModel.swift */ = {isa = PBXFileReference; lastKnownFileType = sourcecode.swift; path = ShowtimeViewModel.swift; sourceTree = "<group>"; };
		6D78D3352FBD8C8400539410 /* LoginView.swift */ = {isa = PBXFileReference; lastKnownFileType = sourcecode.swift; path = LoginView.swift; sourceTree = "<group>"; };
		6D78D3372FBD8C8400539410 /* BookingSuccessView.swift */ = {isa = PBXFileReference; lastKnownFileType = sourcecode.swift; path = BookingSuccessView.swift; sourceTree = "<group>"; };
		6D78D3382FBD8C8400539410 /* CheckoutView.swift */ = {isa = PBXFileReference; lastKnownFileType = sourcecode.swift; path = CheckoutView.swift; sourceTree = "<group>"; };
		6D78D3392FBD8C8400539410 /* PaymentMethodCard.swift */ = {isa = PBXFileReference; lastKnownFileType = sourcecode.swift; path = PaymentMethodCard.swift; sourceTree = "<group>"; };
		6D78D339AABB00000053ABCD /* QRDemoPaymentSheet.swift */ = {isa = PBXFileReference; lastKnownFileType = sourcecode.swift; path = QRDemoPaymentSheet.swift; sourceTree = "<group>"; };
		6D78D33B2FBD8C8400539410 /* FnBMenuView.swift */ = {isa = PBXFileReference; lastKnownFileType = sourcecode.swift; path = FnBMenuView.swift; sourceTree = "<group>"; };
		6D78D33D2FBD8C8400539410 /* FilterChipView.swift */ = {isa = PBXFileReference; lastKnownFileType = sourcecode.swift; path = FilterChipView.swift; sourceTree = "<group>"; };
		6D78D33E2FBD8C8400539410 /* HeroCarouselView.swift */ = {isa = PBXFileReference; lastKnownFileType = sourcecode.swift; path = HeroCarouselView.swift; sourceTree = "<group>"; };
		6D78D33F2FBD8C8400539410 /* MovieCardView.swift */ = {isa = PBXFileReference; lastKnownFileType = sourcecode.swift; path = MovieCardView.swift; sourceTree = "<group>"; };
		6D78D3412FBD8C8400539410 /* HomeView.swift */ = {isa = PBXFileReference; lastKnownFileType = sourcecode.swift; path = HomeView.swift; sourceTree = "<group>"; };
		6D78D3432FBD8C8400539410 /* CastRowView.swift */ = {isa = PBXFileReference; lastKnownFileType = sourcecode.swift; path = CastRowView.swift; sourceTree = "<group>"; };
		6D78D3442FBD8C8400539410 /* RatingBadgeView.swift */ = {isa = PBXFileReference; lastKnownFileType = sourcecode.swift; path = RatingBadgeView.swift; sourceTree = "<group>"; };
		6D78D3462FBD8C8400539410 /* MovieDetailView.swift */ = {isa = PBXFileReference; lastKnownFileType = sourcecode.swift; path = MovieDetailView.swift; sourceTree = "<group>"; };
		6D78D3482FBD8C8400539410 /* EditProfileView.swift */ = {isa = PBXFileReference; lastKnownFileType = sourcecode.swift; path = EditProfileView.swift; sourceTree = "<group>"; };
		6D78D3492FBD8C8400539410 /* ProfileView.swift */ = {isa = PBXFileReference; lastKnownFileType = sourcecode.swift; path = ProfileView.swift; sourceTree = "<group>"; };
		6D78D34B2FBD8C8400539410 /* SearchView.swift */ = {isa = PBXFileReference; lastKnownFileType = sourcecode.swift; path = SearchView.swift; sourceTree = "<group>"; };
		6D78D34D2FBD8C8400539410 /* FloatingHoldTimerBar.swift */ = {isa = PBXFileReference; lastKnownFileType = sourcecode.swift; path = FloatingHoldTimerBar.swift; sourceTree = "<group>"; };
		6D78D34E2FBD8C8400539410 /* MiniCartView.swift */ = {isa = PBXFileReference; lastKnownFileType = sourcecode.swift; path = MiniCartView.swift; sourceTree = "<group>"; };
		6D78D34F2FBD8C8400539410 /* SeatLegendView.swift */ = {isa = PBXFileReference; lastKnownFileType = sourcecode.swift; path = SeatLegendView.swift; sourceTree = "<group>"; };
		6D78D3502FBD8C8400539410 /* SeatMapCanvas.swift */ = {isa = PBXFileReference; lastKnownFileType = sourcecode.swift; path = SeatMapCanvas.swift; sourceTree = "<group>"; };
		6D78D3522FBD8C8400539410 /* SeatMapView.swift */ = {isa = PBXFileReference; lastKnownFileType = sourcecode.swift; path = SeatMapView.swift; sourceTree = "<group>"; };
		6D78D3542FBD8C8400539410 /* CinemaAccordionView.swift */ = {isa = PBXFileReference; lastKnownFileType = sourcecode.swift; path = CinemaAccordionView.swift; sourceTree = "<group>"; };
		6D78D3552FBD8C8400539410 /* DatePickerStrip.swift */ = {isa = PBXFileReference; lastKnownFileType = sourcecode.swift; path = DatePickerStrip.swift; sourceTree = "<group>"; };
		6D78D3562FBD8C8400539410 /* ShowtimeBadgeView.swift */ = {isa = PBXFileReference; lastKnownFileType = sourcecode.swift; path = ShowtimeBadgeView.swift; sourceTree = "<group>"; };
		6D78D3582FBD8C8400539410 /* ShowtimePickerView.swift */ = {isa = PBXFileReference; lastKnownFileType = sourcecode.swift; path = ShowtimePickerView.swift; sourceTree = "<group>"; };
		6D78D35A2FBD8C8400539410 /* ETicketView.swift */ = {isa = PBXFileReference; lastKnownFileType = sourcecode.swift; path = ETicketView.swift; sourceTree = "<group>"; };
		6D78D35B2FBD8C8400539410 /* MyTicketsView.swift */ = {isa = PBXFileReference; lastKnownFileType = sourcecode.swift; path = MyTicketsView.swift; sourceTree = "<group>"; };
		6D78D35C2FBD8C8400539410 /* TicketCardView.swift */ = {isa = PBXFileReference; lastKnownFileType = sourcecode.swift; path = TicketCardView.swift; sourceTree = "<group>"; };
		6D78D35F2FBD8C8400539410 /* MovieBookingAppApp.swift */ = {isa = PBXFileReference; lastKnownFileType = sourcecode.swift; path = MovieBookingAppApp.swift; sourceTree = "<group>"; };
		6D78D3612FBD8C8400539410 /* CinemaEntity.swift */ = {isa = PBXFileReference; lastKnownFileType = sourcecode.swift; path = CinemaEntity.swift; sourceTree = "<group>"; };
		6D78D3622FBD8C8400539410 /* FnBOptionEntity.swift */ = {isa = PBXFileReference; lastKnownFileType = sourcecode.swift; path = FnBOptionEntity.swift; sourceTree = "<group>"; };
		6D78D3632FBD8C8400539410 /* MovieEntity.swift */ = {isa = PBXFileReference; lastKnownFileType = sourcecode.swift; path = MovieEntity.swift; sourceTree = "<group>"; };
		6D78D3642FBD8C8400539410 /* SeatTypeEntity.swift */ = {isa = PBXFileReference; lastKnownFileType = sourcecode.swift; path = SeatTypeEntity.swift; sourceTree = "<group>"; };
		6D78D3652FBD8C8400539410 /* ShowtimeEntity.swift */ = {isa = PBXFileReference; lastKnownFileType = sourcecode.swift; path = ShowtimeEntity.swift; sourceTree = "<group>"; };
		6D78D3672FBD8C8400539410 /* BookMovieIntent.swift */ = {isa = PBXFileReference; lastKnownFileType = sourcecode.swift; path = BookMovieIntent.swift; sourceTree = "<group>"; };
		6D78D3682FBD8C8400539410 /* CheckTicketsIntent.swift */ = {isa = PBXFileReference; lastKnownFileType = sourcecode.swift; path = CheckTicketsIntent.swift; sourceTree = "<group>"; };
		6D78D3692FBD8C8400539410 /* CinematicketShortcuts.swift */ = {isa = PBXFileReference; lastKnownFileType = sourcecode.swift; path = CinematicketShortcuts.swift; sourceTree = "<group>"; };
		6D78D36B2FBD8C8400539410 /* BookingSnippetView.swift */ = {isa = PBXFileReference; lastKnownFileType = sourcecode.swift; path = BookingSnippetView.swift; sourceTree = "<group>"; };
		6D78D36C2FBD8C8400539410 /* PaymentQRSnippetView.swift */ = {isa = PBXFileReference; lastKnownFileType = sourcecode.swift; path = PaymentQRSnippetView.swift; sourceTree = "<group>"; };
		6D78D36E2FBD8C8400539410 /* FirebaseIntentSetup.swift */ = {isa = PBXFileReference; lastKnownFileType = sourcecode.swift; path = FirebaseIntentSetup.swift; sourceTree = "<group>"; };
		6D78D3702FBD8C8400539410 /* CacheRepository.swift */ = {isa = PBXFileReference; lastKnownFileType = sourcecode.swift; path = CacheRepository.swift; sourceTree = "<group>"; };
		6D78D3712FBD8C8400539410 /* CoreDataStack.swift */ = {isa = PBXFileReference; lastKnownFileType = sourcecode.swift; path = CoreDataStack.swift; sourceTree = "<group>"; };
		6D78D3732FBD8C8400539410 /* Cinema.swift */ = {isa = PBXFileReference; lastKnownFileType = sourcecode.swift; path = Cinema.swift; sourceTree = "<group>"; };
		6D78D3742FBD8C8400539410 /* FnBItem.swift */ = {isa = PBXFileReference; lastKnownFileType = sourcecode.swift; path = FnBItem.swift; sourceTree = "<group>"; };
		6D78D3752FBD8C8400539410 /* Movie.swift */ = {isa = PBXFileReference; lastKnownFileType = sourcecode.swift; path = Movie.swift; sourceTree = "<group>"; };
		6D78D3762FBD8C8400539410 /* Order.swift */ = {isa = PBXFileReference; lastKnownFileType = sourcecode.swift; path = Order.swift; sourceTree = "<group>"; };
		6D78D3772FBD8C8400539410 /* Seat.swift */ = {isa = PBXFileReference; lastKnownFileType = sourcecode.swift; path = Seat.swift; sourceTree = "<group>"; };
		6D78D3782FBD8C8400539410 /* SeatMapLayout.swift */ = {isa = PBXFileReference; lastKnownFileType = sourcecode.swift; path = SeatMapLayout.swift; sourceTree = "<group>"; };
		6D78D3792FBD8C8400539410 /* Showtime.swift */ = {isa = PBXFileReference; lastKnownFileType = sourcecode.swift; path = Showtime.swift; sourceTree = "<group>"; };
		6D78D37A2FBD8C8400539410 /* Ticket.swift */ = {isa = PBXFileReference; lastKnownFileType = sourcecode.swift; path = Ticket.swift; sourceTree = "<group>"; };
		6D78D37B2FBD8C8400539410 /* UserProfile.swift */ = {isa = PBXFileReference; lastKnownFileType = sourcecode.swift; path = UserProfile.swift; sourceTree = "<group>"; };
		6D78D37D2FBD8C8400539410 /* CinemaAPI.swift */ = {isa = PBXFileReference; lastKnownFileType = sourcecode.swift; path = CinemaAPI.swift; sourceTree = "<group>"; };
		6D78D37E2FBD8C8400539410 /* MovieAPI.swift */ = {isa = PBXFileReference; lastKnownFileType = sourcecode.swift; path = MovieAPI.swift; sourceTree = "<group>"; };
		6D78D37F2FBD8C8400539410 /* NetworkClient.swift */ = {isa = PBXFileReference; lastKnownFileType = sourcecode.swift; path = NetworkClient.swift; sourceTree = "<group>"; };
		6D78D3802FBD8C8400539410 /* ShowtimeAPI.swift */ = {isa = PBXFileReference; lastKnownFileType = sourcecode.swift; path = ShowtimeAPI.swift; sourceTree = "<group>"; };
		6D78D3812FBD8C8400539410 /* SSEClient.swift */ = {isa = PBXFileReference; lastKnownFileType = sourcecode.swift; path = SSEClient.swift; sourceTree = "<group>"; };
		6D78D3832FBD8C8400539410 /* FirestoreCinemaRepository.swift */ = {isa = PBXFileReference; lastKnownFileType = sourcecode.swift; path = FirestoreCinemaRepository.swift; sourceTree = "<group>"; };
		6D78D3842FBD8C8400539410 /* FirestoreFnBRepository.swift */ = {isa = PBXFileReference; lastKnownFileType = sourcecode.swift; path = FirestoreFnBRepository.swift; sourceTree = "<group>"; };
		6D78D3852FBD8C8400539410 /* FirestoreMovieRepository.swift */ = {isa = PBXFileReference; lastKnownFileType = sourcecode.swift; path = FirestoreMovieRepository.swift; sourceTree = "<group>"; };
		6D78D3862FBD8C8400539410 /* FirestoreOrderRepository.swift */ = {isa = PBXFileReference; lastKnownFileType = sourcecode.swift; path = FirestoreOrderRepository.swift; sourceTree = "<group>"; };
		6D78D3872FBD8C8400539410 /* FirestoreSeatRepository.swift */ = {isa = PBXFileReference; lastKnownFileType = sourcecode.swift; path = FirestoreSeatRepository.swift; sourceTree = "<group>"; };
		6D78D3882FBD8C8400539410 /* FirestoreTicketRepository.swift */ = {isa = PBXFileReference; lastKnownFileType = sourcecode.swift; path = FirestoreTicketRepository.swift; sourceTree = "<group>"; };
		6D78D3892FBD8C8400539410 /* FirestoreUserRepository.swift */ = {isa = PBXFileReference; lastKnownFileType = sourcecode.swift; path = FirestoreUserRepository.swift; sourceTree = "<group>"; };
		6D78D38A2FBD8C8400539410 /* MovieRepository.swift */ = {isa = PBXFileReference; lastKnownFileType = sourcecode.swift; path = MovieRepository.swift; sourceTree = "<group>"; };
		6D78D38B2FBD8C8400539410 /* SeatRepository.swift */ = {isa = PBXFileReference; lastKnownFileType = sourcecode.swift; path = SeatRepository.swift; sourceTree = "<group>"; };
		6D78D38C2FBD8C8400539410 /* ShowtimeRepository.swift */ = {isa = PBXFileReference; lastKnownFileType = sourcecode.swift; path = ShowtimeRepository.swift; sourceTree = "<group>"; };
		6D78D38D2FBD8C8400539410 /* TicketRepository.swift */ = {isa = PBXFileReference; lastKnownFileType = sourcecode.swift; path = TicketRepository.swift; sourceTree = "<group>"; };
		6D78D38F2FBD8C8400539410 /* FirebaseAuthManager.swift */ = {isa = PBXFileReference; lastKnownFileType = sourcecode.swift; path = FirebaseAuthManager.swift; sourceTree = "<group>"; };
		6D78D3902FBD8C8400539410 /* KeychainWrapper.swift */ = {isa = PBXFileReference; lastKnownFileType = sourcecode.swift; path = KeychainWrapper.swift; sourceTree = "<group>"; };
		6D78D3922FBD8C8400539410 /* NotificationManager.swift */ = {isa = PBXFileReference; lastKnownFileType = sourcecode.swift; path = NotificationManager.swift; sourceTree = "<group>"; };
		6D78D3932FBD8C8400539410 /* PassKitManager.swift */ = {isa = PBXFileReference; lastKnownFileType = sourcecode.swift; path = PassKitManager.swift; sourceTree = "<group>"; };
		6D78D3942FBD8C8400539410 /* PaymentService.swift */ = {isa = PBXFileReference; lastKnownFileType = sourcecode.swift; path = PaymentService.swift; sourceTree = "<group>"; };
		6D78D3962FBD8C8400539410 /* BookingUseCases.swift */ = {isa = PBXFileReference; lastKnownFileType = sourcecode.swift; path = BookingUseCases.swift; sourceTree = "<group>"; };
		6D78D3F62FBD9E2600539410 /* SharedUserSession.swift */ = {isa = PBXFileReference; lastKnownFileType = sourcecode.swift; path = SharedUserSession.swift; sourceTree = "<group>"; };
/* End PBXFileReference section */

/* Begin PBXFrameworksBuildPhase section */
		1EE996762FA1C3DE0022705C /* Frameworks */ = {
			isa = PBXFrameworksBuildPhase;
			buildActionMask = 2147483647;
			files = (
				1E1ADEAD2FB1DA8600A9DA6C /* FirebaseAuth in Frameworks */,
				1E1ADEAF2FB1DA9100A9DA6C /* FirebaseFirestore in Frameworks */,
			);
			runOnlyForDeploymentPostprocessing = 0;
		};
		1EE996862FA1C3DF0022705C /* Frameworks */ = {
			isa = PBXFrameworksBuildPhase;
			buildActionMask = 2147483647;
			files = (
			);
			runOnlyForDeploymentPostprocessing = 0;
		};
		1EE996902FA1C3DF0022705C /* Frameworks */ = {
			isa = PBXFrameworksBuildPhase;
			buildActionMask = 2147483647;
			files = (
			);
			runOnlyForDeploymentPostprocessing = 0;
		};
/* End PBXFrameworksBuildPhase section */

/* Begin PBXGroup section */
		1E1ADEAB2FB1DA8600A9DA6C /* Frameworks */ = {
			isa = PBXGroup;
			children = (
			);
			name = Frameworks;
			sourceTree = "<group>";
		};
		1EE996702FA1C3DD0022705C = {
			isa = PBXGroup;
			children = (
				6D78D3602FBD8C8400539410 /* App */,
				6D78D36F2FBD8C8400539410 /* AppIntentsExtension */,
				6D78D3982FBD8C8400539410 /* Shared */,
				1E1ADEA92FB1D9CA00A9DA6C /* GoogleService-Info.plist */,
				1E30E2B02FA1C48800F3A28C /* Configurations */,
				1EE996962FA1C3DF0022705C /* MovieBookingAppUITests */,
				1EE9967A2FA1C3DE0022705C /* Products */,
				1E1ADEAB2FB1DA8600A9DA6C /* Frameworks */,
			);
			sourceTree = "<group>";
		};
		1EE9967A2FA1C3DE0022705C /* Products */ = {
			isa = PBXGroup;
			children = (
				1EE996792FA1C3DE0022705C /* MovieBookingApp.app */,
				1EE996892FA1C3DF0022705C /* MovieBookingAppTests.xctest */,
				1EE996932FA1C3DF0022705C /* MovieBookingAppUITests.xctest */,
			);
			name = Products;
			sourceTree = "<group>";
		};
		1EE996962FA1C3DF0022705C /* MovieBookingAppUITests */ = {
			isa = PBXGroup;
			children = (
			);
			path = MovieBookingAppUITests;
			sourceTree = "<group>";
		};
		6D78D31C2FBD8C8400539410 /* Components */ = {
			isa = PBXGroup;
			children = (
				6D78D31A2FBD8C8400539410 /* CinematicButton.swift */,
				6D78D31B2FBD8C8400539410 /* GlassCardView.swift */,
			);
			path = Components;
			sourceTree = "<group>";
		};
		6D78D3212FBD8C8400539410 /* DesignSystem */ = {
			isa = PBXGroup;
			children = (
				6D78D31C2FBD8C8400539410 /* Components */,
				6D78D31D2FBD8C8400539410 /* Animations.swift */,
				6D78D31E2FBD8C8400539410 /* Colors.swift */,
				6D78D31F2FBD8C8400539410 /* HapticManager.swift */,
				6D78D3202FBD8C8400539410 /* Typography.swift */,
			);
			path = DesignSystem;
			sourceTree = "<group>";
		};
		6D78D3242FBD8C8400539410 /* LiveActivity */ = {
			isa = PBXGroup;
			children = (
				6D78D3222FBD8C8400539410 /* LiveActivityManager.swift */,
				6D78D3232FBD8C8400539410 /* ShowtimeActivityAttributes.swift */,
			);
			path = LiveActivity;
			sourceTree = "<group>";
		};
		6D78D3262FBD8C8400539410 /* Navigation */ = {
			isa = PBXGroup;
			children = (
				6D78D3252FBD8C8400539410 /* AppRouter.swift */,
			);
			path = Navigation;
			sourceTree = "<group>";
		};
		6D78D3282FBD8C8400539410 /* Services */ = {
			isa = PBXGroup;
			children = (
				6D78D3272FBD8C8400539410 /* ImageCacheService.swift */,
			);
			path = Services;
			sourceTree = "<group>";
		};
		6D78D3342FBD8C8400539410 /* ViewModels */ = {
			isa = PBXGroup;
			children = (
				6D78D3292FBD8C8400539410 /* AppViewModel.swift */,
				6D78D32A2FBD8C8400539410 /* AuthViewModel.swift */,
				6D78D32B2FBD8C8400539410 /* CheckoutViewModel.swift */,
				6D78D32C2FBD8C8400539410 /* ETicketViewModel.swift */,
				6D78D32D2FBD8C8400539410 /* FnBViewModel.swift */,
				6D78D32E2FBD8C8400539410 /* HomeViewModel.swift */,
				6D78D32F2FBD8C8400539410 /* MovieDetailViewModel.swift */,
				6D78D3302FBD8C8400539410 /* MyTicketsViewModel.swift */,
				6D78D3312FBD8C8400539410 /* ProfileViewModel.swift */,
				6D78D3322FBD8C8400539410 /* SeatMapViewModel.swift */,
				6D78D3332FBD8C8400539410 /* ShowtimeViewModel.swift */,
			);
			path = ViewModels;
			sourceTree = "<group>";
		};
		6D78D3362FBD8C8400539410 /* Auth */ = {
			isa = PBXGroup;
			children = (
				6D78D3352FBD8C8400539410 /* LoginView.swift */,
			);
			path = Auth;
			sourceTree = "<group>";
		};
		6D78D33A2FBD8C8400539410 /* Checkout */ = {
			isa = PBXGroup;
			children = (
				6D78D3372FBD8C8400539410 /* BookingSuccessView.swift */,
				6D78D3382FBD8C8400539410 /* CheckoutView.swift */,
				6D78D3392FBD8C8400539410 /* PaymentMethodCard.swift */,
				6D78D339AABB00000053ABCD /* QRDemoPaymentSheet.swift */,
			);
			path = Checkout;
			sourceTree = "<group>";
		};
		6D78D33C2FBD8C8400539410 /* FnB */ = {
			isa = PBXGroup;
			children = (
				6D78D33B2FBD8C8400539410 /* FnBMenuView.swift */,
			);
			path = FnB;
			sourceTree = "<group>";
		};
		6D78D3402FBD8C8400539410 /* Components */ = {
			isa = PBXGroup;
			children = (
				6D78D33D2FBD8C8400539410 /* FilterChipView.swift */,
				6D78D33E2FBD8C8400539410 /* HeroCarouselView.swift */,
				6D78D33F2FBD8C8400539410 /* MovieCardView.swift */,
			);
			path = Components;
			sourceTree = "<group>";
		};
		6D78D3422FBD8C8400539410 /* Home */ = {
			isa = PBXGroup;
			children = (
				6D78D3402FBD8C8400539410 /* Components */,
				6D78D3412FBD8C8400539410 /* HomeView.swift */,
			);
			path = Home;
			sourceTree = "<group>";
		};
		6D78D3452FBD8C8400539410 /* Components */ = {
			isa = PBXGroup;
			children = (
				6D78D3432FBD8C8400539410 /* CastRowView.swift */,
				6D78D3442FBD8C8400539410 /* RatingBadgeView.swift */,
			);
			path = Components;
			sourceTree = "<group>";
		};
		6D78D3472FBD8C8400539410 /* MovieDetail */ = {
			isa = PBXGroup;
			children = (
				6D78D3452FBD8C8400539410 /* Components */,
				6D78D3462FBD8C8400539410 /* MovieDetailView.swift */,
			);
			path = MovieDetail;
			sourceTree = "<group>";
		};
		6D78D34A2FBD8C8400539410 /* Profile */ = {
			isa = PBXGroup;
			children = (
				6D78D3482FBD8C8400539410 /* EditProfileView.swift */,
				6D78D3492FBD8C8400539410 /* ProfileView.swift */,
			);
			path = Profile;
			sourceTree = "<group>";
		};
		6D78D34C2FBD8C8400539410 /* Search */ = {
			isa = PBXGroup;
			children = (
				6D78D34B2FBD8C8400539410 /* SearchView.swift */,
			);
			path = Search;
			sourceTree = "<group>";
		};
		6D78D3512FBD8C8400539410 /* Components */ = {
			isa = PBXGroup;
			children = (
				6D2565D32FC14004000C4FAC /* SeatMapSkeletonView.swift */,
				6D78D34D2FBD8C8400539410 /* FloatingHoldTimerBar.swift */,
				6D78D34E2FBD8C8400539410 /* MiniCartView.swift */,
				6D78D34F2FBD8C8400539410 /* SeatLegendView.swift */,
				6D78D3502FBD8C8400539410 /* SeatMapCanvas.swift */,
			);
			path = Components;
			sourceTree = "<group>";
		};
		6D78D3532FBD8C8400539410 /* SeatMap */ = {
			isa = PBXGroup;
			children = (
				6D78D3512FBD8C8400539410 /* Components */,
				6D78D3522FBD8C8400539410 /* SeatMapView.swift */,
			);
			path = SeatMap;
			sourceTree = "<group>";
		};
		6D78D3572FBD8C8400539410 /* Components */ = {
			isa = PBXGroup;
			children = (
				6D78D3542FBD8C8400539410 /* CinemaAccordionView.swift */,
				6D78D3552FBD8C8400539410 /* DatePickerStrip.swift */,
				6D78D3562FBD8C8400539410 /* ShowtimeBadgeView.swift */,
			);
			path = Components;
			sourceTree = "<group>";
		};
		6D78D3592FBD8C8400539410 /* Showtimes */ = {
			isa = PBXGroup;
			children = (
				6D78D3572FBD8C8400539410 /* Components */,
				6D78D3582FBD8C8400539410 /* ShowtimePickerView.swift */,
			);
			path = Showtimes;
			sourceTree = "<group>";
		};
		6D78D35D2FBD8C8400539410 /* Tickets */ = {
			isa = PBXGroup;
			children = (
				6D78D35A2FBD8C8400539410 /* ETicketView.swift */,
				6D78D35B2FBD8C8400539410 /* MyTicketsView.swift */,
				6D78D35C2FBD8C8400539410 /* TicketCardView.swift */,
			);
			path = Tickets;
			sourceTree = "<group>";
		};
		6D78D35E2FBD8C8400539410 /* Views */ = {
			isa = PBXGroup;
			children = (
				6D78D3362FBD8C8400539410 /* Auth */,
				6D78D33A2FBD8C8400539410 /* Checkout */,
				6D78D33C2FBD8C8400539410 /* FnB */,
				6D78D3422FBD8C8400539410 /* Home */,
				6D78D3472FBD8C8400539410 /* MovieDetail */,
				6D78D34A2FBD8C8400539410 /* Profile */,
				6D78D34C2FBD8C8400539410 /* Search */,
				6D78D3532FBD8C8400539410 /* SeatMap */,
				6D78D3592FBD8C8400539410 /* Showtimes */,
				6D78D35D2FBD8C8400539410 /* Tickets */,
			);
			path = Views;
			sourceTree = "<group>";
		};
		6D78D3602FBD8C8400539410 /* App */ = {
			isa = PBXGroup;
			children = (
				6D78D3212FBD8C8400539410 /* DesignSystem */,
				6D78D3242FBD8C8400539410 /* LiveActivity */,
				6D78D3262FBD8C8400539410 /* Navigation */,
				6D78D3282FBD8C8400539410 /* Services */,
				6D78D3342FBD8C8400539410 /* ViewModels */,
				6D78D35E2FBD8C8400539410 /* Views */,
				6D78D35F2FBD8C8400539410 /* MovieBookingAppApp.swift */,
				6D4CB988301BBBA900639732 /* Assets.xcassets */,
			);
			path = App;
			sourceTree = "<group>";
		};
		6D78D3662FBD8C8400539410 /* Entities */ = {
			isa = PBXGroup;
			children = (
				6D78D3612FBD8C8400539410 /* CinemaEntity.swift */,
				6D78D3622FBD8C8400539410 /* FnBOptionEntity.swift */,
				6D78D3632FBD8C8400539410 /* MovieEntity.swift */,
				6D78D3642FBD8C8400539410 /* SeatTypeEntity.swift */,
				6D78D3652FBD8C8400539410 /* ShowtimeEntity.swift */,
			);
			path = Entities;
			sourceTree = "<group>";
		};
		6D78D36A2FBD8C8400539410 /* Intents */ = {
			isa = PBXGroup;
			children = (
				6D78D3672FBD8C8400539410 /* BookMovieIntent.swift */,
				6D78D3682FBD8C8400539410 /* CheckTicketsIntent.swift */,
				6D78D3692FBD8C8400539410 /* CinematicketShortcuts.swift */,
			);
			path = Intents;
			sourceTree = "<group>";
		};
		6D78D36D2FBD8C8400539410 /* Snippets */ = {
			isa = PBXGroup;
			children = (
				6D78D36B2FBD8C8400539410 /* BookingSnippetView.swift */,
				6D78D36C2FBD8C8400539410 /* PaymentQRSnippetView.swift */,
			);
			path = Snippets;
			sourceTree = "<group>";
		};
		6D78D36F2FBD8C8400539410 /* AppIntentsExtension */ = {
			isa = PBXGroup;
			children = (
				6D78D3662FBD8C8400539410 /* Entities */,
				6D78D36A2FBD8C8400539410 /* Intents */,
				6D78D36D2FBD8C8400539410 /* Snippets */,
				6D78D36E2FBD8C8400539410 /* FirebaseIntentSetup.swift */,
			);
			path = AppIntentsExtension;
			sourceTree = "<group>";
		};
		6D78D3722FBD8C8400539410 /* Cache */ = {
			isa = PBXGroup;
			children = (
				6D78D3702FBD8C8400539410 /* CacheRepository.swift */,
				6D78D3712FBD8C8400539410 /* CoreDataStack.swift */,
			);
			path = Cache;
			sourceTree = "<group>";
		};
		6D78D37C2FBD8C8400539410 /* Models */ = {
			isa = PBXGroup;
			children = (
				6D78D3732FBD8C8400539410 /* Cinema.swift */,
				6D78D3742FBD8C8400539410 /* FnBItem.swift */,
				6D78D3752FBD8C8400539410 /* Movie.swift */,
				6D78D3762FBD8C8400539410 /* Order.swift */,
				6D78D3772FBD8C8400539410 /* Seat.swift */,
				6D78D3782FBD8C8400539410 /* SeatMapLayout.swift */,
				6D78D3792FBD8C8400539410 /* Showtime.swift */,
				6D78D37A2FBD8C8400539410 /* Ticket.swift */,
				6D78D37B2FBD8C8400539410 /* UserProfile.swift */,
			);
			path = Models;
			sourceTree = "<group>";
		};
		6D78D3822FBD8C8400539410 /* Network */ = {
			isa = PBXGroup;
			children = (
				6D78D37D2FBD8C8400539410 /* CinemaAPI.swift */,
				6D78D37E2FBD8C8400539410 /* MovieAPI.swift */,
				6D78D37F2FBD8C8400539410 /* NetworkClient.swift */,
				6D78D3802FBD8C8400539410 /* ShowtimeAPI.swift */,
				6D78D3812FBD8C8400539410 /* SSEClient.swift */,
			);
			path = Network;
			sourceTree = "<group>";
		};
		6D78D38E2FBD8C8400539410 /* Repositories */ = {
			isa = PBXGroup;
			children = (
				6D78D3832FBD8C8400539410 /* FirestoreCinemaRepository.swift */,
				6D78D3842FBD8C8400539410 /* FirestoreFnBRepository.swift */,
				6D78D3852FBD8C8400539410 /* FirestoreMovieRepository.swift */,
				6D78D3862FBD8C8400539410 /* FirestoreOrderRepository.swift */,
				6D78D3872FBD8C8400539410 /* FirestoreSeatRepository.swift */,
				6D78D3882FBD8C8400539410 /* FirestoreTicketRepository.swift */,
				6D78D3892FBD8C8400539410 /* FirestoreUserRepository.swift */,
				6D78D38A2FBD8C8400539410 /* MovieRepository.swift */,
				6D78D38B2FBD8C8400539410 /* SeatRepository.swift */,
				6D78D38C2FBD8C8400539410 /* ShowtimeRepository.swift */,
				6D78D38D2FBD8C8400539410 /* TicketRepository.swift */,
			);
			path = Repositories;
			sourceTree = "<group>";
		};
		6D78D3912FBD8C8400539410 /* Security */ = {
			isa = PBXGroup;
			children = (
				6D78D3F62FBD9E2600539410 /* SharedUserSession.swift */,
				6D78D38F2FBD8C8400539410 /* FirebaseAuthManager.swift */,
				6D78D3902FBD8C8400539410 /* KeychainWrapper.swift */,
			);
			path = Security;
			sourceTree = "<group>";
		};
		6D78D3952FBD8C8400539410 /* Services */ = {
			isa = PBXGroup;
			children = (
				6D78D3922FBD8C8400539410 /* NotificationManager.swift */,
				6D78D3932FBD8C8400539410 /* PassKitManager.swift */,
				6D78D3942FBD8C8400539410 /* PaymentService.swift */,
			);
			path = Services;
			sourceTree = "<group>";
		};
		6D78D3972FBD8C8400539410 /* UseCases */ = {
			isa = PBXGroup;
			children = (
				6D78D3962FBD8C8400539410 /* BookingUseCases.swift */,
			);
			path = UseCases;
			sourceTree = "<group>";
		};
		6D78D3982FBD8C8400539410 /* Shared */ = {
			isa = PBXGroup;
			children = (
				6D78D3722FBD8C8400539410 /* Cache */,
				6D78D37C2FBD8C8400539410 /* Models */,
				6D78D3822FBD8C8400539410 /* Network */,
				6D78D38E2FBD8C8400539410 /* Repositories */,
				6D78D3912FBD8C8400539410 /* Security */,
				6D78D3952FBD8C8400539410 /* Services */,
				6D78D3972FBD8C8400539410 /* UseCases */,
			);
			path = Shared;
			sourceTree = "<group>";
		};
/* End PBXGroup section */

/* Begin PBXNativeTarget section */
		1EE996782FA1C3DE0022705C /* MovieBookingApp */ = {
			isa = PBXNativeTarget;
			buildConfigurationList = 1EE9969D2FA1C3DF0022705C /* Build configuration list for PBXNativeTarget "MovieBookingApp" */;
			buildPhases = (
				1EE996752FA1C3DE0022705C /* Sources */,
				1EE996762FA1C3DE0022705C /* Frameworks */,
				1EE996772FA1C3DE0022705C /* Resources */,
			);
			buildRules = (
			);
			dependencies = (
			);
			name = MovieBookingApp;
			packageProductDependencies = (
				1E1ADEAC2FB1DA8600A9DA6C /* FirebaseAuth */,
				1E1ADEAE2FB1DA9100A9DA6C /* FirebaseFirestore */,
			);
			productName = MovieBookingApp;
			productReference = 1EE996792FA1C3DE0022705C /* MovieBookingApp.app */;
			productType = "com.apple.product-type.application";
		};
		1EE996882FA1C3DF0022705C /* MovieBookingAppTests */ = {
			isa = PBXNativeTarget;
			buildConfigurationList = 1EE996A02FA1C3DF0022705C /* Build configuration list for PBXNativeTarget "MovieBookingAppTests" */;
			buildPhases = (
				1EE996852FA1C3DF0022705C /* Sources */,
				1EE996862FA1C3DF0022705C /* Frameworks */,
				1EE996872FA1C3DF0022705C /* Resources */,
			);
			buildRules = (
			);
			dependencies = (
				1EE9968B2FA1C3DF0022705C /* PBXTargetDependency */,
			);
			name = MovieBookingAppTests;
			productName = MovieBookingAppTests;
			productReference = 1EE996892FA1C3DF0022705C /* MovieBookingAppTests.xctest */;
			productType = "com.apple.product-type.bundle.unit-test";
		};
		1EE996922FA1C3DF0022705C /* MovieBookingAppUITests */ = {
			isa = PBXNativeTarget;
			buildConfigurationList = 1EE996A32FA1C3DF0022705C /* Build configuration list for PBXNativeTarget "MovieBookingAppUITests" */;
			buildPhases = (
				1EE9968F2FA1C3DF0022705C /* Sources */,
				1EE996902FA1C3DF0022705C /* Frameworks */,
				1EE996912FA1C3DF0022705C /* Resources */,
			);
			buildRules = (
			);
			dependencies = (
				1EE996952FA1C3DF0022705C /* PBXTargetDependency */,
			);
			name = MovieBookingAppUITests;
			productName = MovieBookingAppUITests;
			productReference = 1EE996932FA1C3DF0022705C /* MovieBookingAppUITests.xctest */;
			productType = "com.apple.product-type.bundle.ui-testing";
		};
/* End PBXNativeTarget section */

/* Begin PBXProject section */
		1EE996712FA1C3DD0022705C /* Project object */ = {
			isa = PBXProject;
			attributes = {
				BuildIndependentTargetsInParallel = 1;
				LastSwiftUpdateCheck = 1320;
				LastUpgradeCheck = 1320;
				TargetAttributes = {
					1EE996782FA1C3DE0022705C = {
						CreatedOnToolsVersion = 13.2.1;
					};
					1EE996882FA1C3DF0022705C = {
						CreatedOnToolsVersion = 13.2.1;
						TestTargetID = 1EE996782FA1C3DE0022705C;
					};
					1EE996922FA1C3DF0022705C = {
						CreatedOnToolsVersion = 13.2.1;
						TestTargetID = 1EE996782FA1C3DE0022705C;
					};
				};
			};
			buildConfigurationList = 1EE996742FA1C3DD0022705C /* Build configuration list for PBXProject "MovieBookingApp" */;
			compatibilityVersion = "Xcode 13.0";
			developmentRegion = en;
			hasScannedForEncodings = 0;
			knownRegions = (
				en,
				Base,
			);
			mainGroup = 1EE996702FA1C3DD0022705C;
			packageReferences = (
				1E1ADEA82FB1D98E00A9DA6C /* XCRemoteSwiftPackageReference "firebase-ios-sdk" */,
			);
			productRefGroup = 1EE9967A2FA1C3DE0022705C /* Products */;
			projectDirPath = "";
			projectRoot = "";
			targets = (
				1EE996782FA1C3DE0022705C /* MovieBookingApp */,
				1EE996882FA1C3DF0022705C /* MovieBookingAppTests */,
				1EE996922FA1C3DF0022705C /* MovieBookingAppUITests */,
			);
		};
/* End PBXProject section */

/* Begin PBXResourcesBuildPhase section */
		1EE996772FA1C3DE0022705C /* Resources */ = {
			isa = PBXResourcesBuildPhase;
			buildActionMask = 2147483647;
			files = (
				1E30E2B12FA1C48800F3A28C /* Configurations in Resources */,
				6D4CB989301BBBA900639732 /* Assets.xcassets in Resources */,
				1E1ADEAA2FB1D9CA00A9DA6C /* GoogleService-Info.plist in Resources */,
			);
			runOnlyForDeploymentPostprocessing = 0;
		};
		1EE996872FA1C3DF0022705C /* Resources */ = {
			isa = PBXResourcesBuildPhase;
			buildActionMask = 2147483647;
			files = (
			);
			runOnlyForDeploymentPostprocessing = 0;
		};
		1EE996912FA1C3DF0022705C /* Resources */ = {
			isa = PBXResourcesBuildPhase;
			buildActionMask = 2147483647;
			files = (
			);
			runOnlyForDeploymentPostprocessing = 0;
		};
/* End PBXResourcesBuildPhase section */

/* Begin PBXSourcesBuildPhase section */
		1EE996752FA1C3DE0022705C /* Sources */ = {
			isa = PBXSourcesBuildPhase;
			buildActionMask = 2147483647;
			files = (
				6D78D3992FBD8C8400539410 /* Animations.swift in Sources */,
				6D78D39A2FBD8C8400539410 /* NetworkClient.swift in Sources */,
				6D78D39B2FBD8C8400539410 /* DatePickerStrip.swift in Sources */,
				6D2565D42FC14004000C4FAC /* SeatMapSkeletonView.swift in Sources */,
				6D78D39C2FBD8C8400539410 /* SeatTypeEntity.swift in Sources */,
				6D78D39D2FBD8C8400539410 /* CheckoutView.swift in Sources */,
				6D78D39E2FBD8C8400539410 /* ShowtimePickerView.swift in Sources */,
				6D78D39F2FBD8C8400539410 /* CheckTicketsIntent.swift in Sources */,
				6D78D3A02FBD8C8400539410 /* FloatingHoldTimerBar.swift in Sources */,
				6D78D3A12FBD8C8400539410 /* TicketRepository.swift in Sources */,
				6D78D3A22FBD8C8400539410 /* KeychainWrapper.swift in Sources */,
				6D78D3A32FBD8C8400539410 /* TicketCardView.swift in Sources */,
				6D78D3A42FBD8C8400539410 /* FnBMenuView.swift in Sources */,
				6D78D3A52FBD8C8400539410 /* PaymentMethodCard.swift in Sources */,
				6D78D3A5AABB00000053ABCD /* QRDemoPaymentSheet.swift in Sources */,
				6D78D3A62FBD8C8400539410 /* PassKitManager.swift in Sources */,
				6D78D3A72FBD8C8400539410 /* MovieBookingAppApp.swift in Sources */,
				6D78D3A82FBD8C8400539410 /* FirestoreOrderRepository.swift in Sources */,
				6D78D3A92FBD8C8400539410 /* FnBOptionEntity.swift in Sources */,
				6D78D3AA2FBD8C8400539410 /* Cinema.swift in Sources */,
				6D78D3AB2FBD8C8400539410 /* SSEClient.swift in Sources */,
				6D78D3AC2FBD8C8400539410 /* ShowtimeViewModel.swift in Sources */,
				6D78D3AD2FBD8C8400539410 /* FilterChipView.swift in Sources */,
				6D78D3AE2FBD8C8400539410 /* NotificationManager.swift in Sources */,
				6D78D3AF2FBD8C8400539410 /* FirebaseIntentSetup.swift in Sources */,
				6D78D3B02FBD8C8400539410 /* UserProfile.swift in Sources */,
				6D78D3B12FBD8C8400539410 /* Movie.swift in Sources */,
				6D78D3B22FBD8C8400539410 /* SeatMapLayout.swift in Sources */,
				6D78D3B32FBD8C8400539410 /* LoginView.swift in Sources */,
				6D78D3B42FBD8C8400539410 /* ProfileView.swift in Sources */,
				6D78D3B52FBD8C8400539410 /* FirestoreSeatRepository.swift in Sources */,
				6D78D3B62FBD8C8400539410 /* AppViewModel.swift in Sources */,
				6D78D3B72FBD8C8400539410 /* SearchView.swift in Sources */,
				6D78D3B82FBD8C8400539410 /* CastRowView.swift in Sources */,
				6D78D3B92FBD8C8400539410 /* FirestoreUserRepository.swift in Sources */,
				6D78D3BA2FBD8C8400539410 /* BookingUseCases.swift in Sources */,
				6D78D3BB2FBD8C8400539410 /* MyTicketsViewModel.swift in Sources */,
				6D78D3BC2FBD8C8400539410 /* FirestoreCinemaRepository.swift in Sources */,
				6D78D3BD2FBD8C8400539410 /* BookingSuccessView.swift in Sources */,
				6D78D3BE2FBD8C8400539410 /* ETicketView.swift in Sources */,
				6D78D3BF2FBD8C8400539410 /* SeatMapCanvas.swift in Sources */,
				6D78D3C02FBD8C8400539410 /* HapticManager.swift in Sources */,
				6D78D3C12FBD8C8400539410 /* Seat.swift in Sources */,
				6D78D3C22FBD8C8400539410 /* MyTicketsView.swift in Sources */,
				6D78D3C32FBD8C8400539410 /* CoreDataStack.swift in Sources */,
				6D78D3C42FBD8C8400539410 /* ETicketViewModel.swift in Sources */,
				6D78D3C52FBD8C8400539410 /* FirestoreMovieRepository.swift in Sources */,
				6D78D3C62FBD8C8400539410 /* AuthViewModel.swift in Sources */,
				6D78D3C72FBD8C8400539410 /* SeatMapViewModel.swift in Sources */,
				6D78D3C82FBD8C8400539410 /* CacheRepository.swift in Sources */,
				6D78D3C92FBD8C8400539410 /* PaymentQRSnippetView.swift in Sources */,
				6D78D3CA2FBD8C8400539410 /* MovieCardView.swift in Sources */,
				6D78D3CB2FBD8C8400539410 /* ShowtimeRepository.swift in Sources */,
				6D78D3CC2FBD8C8400539410 /* ImageCacheService.swift in Sources */,
				6D78D3CD2FBD8C8400539410 /* BookingSnippetView.swift in Sources */,
				6D78D3CE2FBD8C8400539410 /* CinemaAPI.swift in Sources */,
				6D78D3CF2FBD8C8400539410 /* Ticket.swift in Sources */,
				6D78D3D02FBD8C8400539410 /* CinematicketShortcuts.swift in Sources */,
				6D78D3D12FBD8C8400539410 /* HomeView.swift in Sources */,
				6D78D3D22FBD8C8400539410 /* SeatMapView.swift in Sources */,
				6D78D3D32FBD8C8400539410 /* ShowtimeBadgeView.swift in Sources */,
				6D78D3D42FBD8C8400539410 /* MovieEntity.swift in Sources */,
				6D78D3D52FBD8C8400539410 /* LiveActivityManager.swift in Sources */,
				6D78D3D62FBD8C8400539410 /* FnBViewModel.swift in Sources */,
				6D78D3D72FBD8C8400539410 /* RatingBadgeView.swift in Sources */,
				6D78D3D82FBD8C8400539410 /* Showtime.swift in Sources */,
				6D78D3D92FBD8C8400539410 /* CinemaAccordionView.swift in Sources */,
				6D78D3DA2FBD8C8400539410 /* PaymentService.swift in Sources */,
				6D78D3DB2FBD8C8400539410 /* FirestoreFnBRepository.swift in Sources */,
				6D78D3DC2FBD8C8400539410 /* EditProfileView.swift in Sources */,
				6D78D3DD2FBD8C8400539410 /* Colors.swift in Sources */,
				6D78D3DE2FBD8C8400539410 /* SeatLegendView.swift in Sources */,
				6D78D3F72FBD9E2600539410 /* SharedUserSession.swift in Sources */,
				6D78D3DF2FBD8C8400539410 /* MovieAPI.swift in Sources */,
				6D78D3E02FBD8C8400539410 /* CheckoutViewModel.swift in Sources */,
				6D78D3E12FBD8C8400539410 /* ShowtimeEntity.swift in Sources */,
				6D78D3E22FBD8C8400539410 /* MovieDetailViewModel.swift in Sources */,
				6D78D3E32FBD8C8400539410 /* MiniCartView.swift in Sources */,
				6D78D3E42FBD8C8400539410 /* GlassCardView.swift in Sources */,
				6D78D3E52FBD8C8400539410 /* CinemaEntity.swift in Sources */,
				6D78D3E62FBD8C8400539410 /* ProfileViewModel.swift in Sources */,
				6D78D3E72FBD8C8400539410 /* ShowtimeAPI.swift in Sources */,
				6D78D3E82FBD8C8400539410 /* HomeViewModel.swift in Sources */,
				6D78D3E92FBD8C8400539410 /* CinematicButton.swift in Sources */,
				6D78D3EA2FBD8C8400539410 /* SeatRepository.swift in Sources */,
				6D78D3EB2FBD8C8400539410 /* Order.swift in Sources */,
				6D78D3EC2FBD8C8400539410 /* FnBItem.swift in Sources */,
				6D78D3ED2FBD8C8400539410 /* FirestoreTicketRepository.swift in Sources */,
				6D78D3EE2FBD8C8400539410 /* ShowtimeActivityAttributes.swift in Sources */,
				6D78D3EF2FBD8C8400539410 /* MovieDetailView.swift in Sources */,
				6D78D3F02FBD8C8400539410 /* FirebaseAuthManager.swift in Sources */,
				6D78D3F12FBD8C8400539410 /* BookMovieIntent.swift in Sources */,
				6D78D3F22FBD8C8400539410 /* MovieRepository.swift in Sources */,
				6D78D3F32FBD8C8400539410 /* AppRouter.swift in Sources */,
				6D78D3F42FBD8C8400539410 /* HeroCarouselView.swift in Sources */,
				6D78D3F52FBD8C8400539410 /* Typography.swift in Sources */,
			);
			runOnlyForDeploymentPostprocessing = 0;
		};
		1EE996852FA1C3DF0022705C /* Sources */ = {
			isa = PBXSourcesBuildPhase;
			buildActionMask = 2147483647;
			files = (
			);
			runOnlyForDeploymentPostprocessing = 0;
		};
		1EE9968F2FA1C3DF0022705C /* Sources */ = {
			isa = PBXSourcesBuildPhase;
			buildActionMask = 2147483647;
			files = (
			);
			runOnlyForDeploymentPostprocessing = 0;
		};
/* End PBXSourcesBuildPhase section */

/* Begin PBXTargetDependency section */
		1EE9968B2FA1C3DF0022705C /* PBXTargetDependency */ = {
			isa = PBXTargetDependency;
			target = 1EE996782FA1C3DE0022705C /* MovieBookingApp */;
			targetProxy = 1EE9968A2FA1C3DF0022705C /* PBXContainerItemProxy */;
		};
		1EE996952FA1C3DF0022705C /* PBXTargetDependency */ = {
			isa = PBXTargetDependency;
			target = 1EE996782FA1C3DE0022705C /* MovieBookingApp */;
			targetProxy = 1EE996942FA1C3DF0022705C /* PBXContainerItemProxy */;
		};
/* End PBXTargetDependency section */

/* Begin XCBuildConfiguration section */
		1EE9969B2FA1C3DF0022705C /* Debug */ = {
			isa = XCBuildConfiguration;
			buildSettings = {
				ALWAYS_SEARCH_USER_PATHS = NO;
				CLANG_ANALYZER_NONNULL = YES;
				CLANG_ANALYZER_NUMBER_OBJECT_CONVERSION = YES_AGGRESSIVE;
				CLANG_CXX_LANGUAGE_STANDARD = "gnu++17";
				CLANG_CXX_LIBRARY = "libc++";
				CLANG_ENABLE_MODULES = YES;
				CLANG_ENABLE_OBJC_ARC = YES;
				CLANG_ENABLE_OBJC_WEAK = YES;
				CLANG_WARN_BLOCK_CAPTURE_AUTORELEASING = YES;
				CLANG_WARN_BOOL_CONVERSION = YES;
				CLANG_WARN_COMMA = YES;
				CLANG_WARN_CONSTANT_CONVERSION = YES;
				CLANG_WARN_DEPRECATED_OBJC_IMPLEMENTATIONS = YES;
				CLANG_WARN_DIRECT_OBJC_ISA_USAGE = YES_ERROR;
				CLANG_WARN_DOCUMENTATION_COMMENTS = YES;
				CLANG_WARN_EMPTY_BODY = YES;
				CLANG_WARN_ENUM_CONVERSION = YES;
				CLANG_WARN_INFINITE_RECURSION = YES;
				CLANG_WARN_INT_CONVERSION = YES;
				CLANG_WARN_NON_LITERAL_NULL_CONVERSION = YES;
				CLANG_WARN_OBJC_IMPLICIT_RETAIN_SELF = YES;
				CLANG_WARN_OBJC_LITERAL_CONVERSION = YES;
				CLANG_WARN_OBJC_ROOT_CLASS = YES_ERROR;
				CLANG_WARN_QUOTED_INCLUDE_IN_FRAMEWORK_HEADER = YES;
				CLANG_WARN_RANGE_LOOP_ANALYSIS = YES;
				CLANG_WARN_STRICT_PROTOTYPES = YES;
				CLANG_WARN_SUSPICIOUS_MOVE = YES;
				CLANG_WARN_UNGUARDED_AVAILABILITY = YES_AGGRESSIVE;
				CLANG_WARN_UNREACHABLE_CODE = YES;
				CLANG_WARN__DUPLICATE_METHOD_MATCH = YES;
				COPY_PHASE_STRIP = NO;
				DEBUG_INFORMATION_FORMAT = dwarf;
				ENABLE_STRICT_OBJC_MSGSEND = YES;
				ENABLE_TESTABILITY = YES;
				GCC_C_LANGUAGE_STANDARD = gnu11;
				GCC_DYNAMIC_NO_PIC = NO;
				GCC_NO_COMMON_BLOCKS = YES;
				GCC_OPTIMIZATION_LEVEL = 0;
				GCC_PREPROCESSOR_DEFINITIONS = (
					"DEBUG=1",
					"$(inherited)",
				);
				GCC_WARN_64_TO_32_BIT_CONVERSION = YES;
				GCC_WARN_ABOUT_RETURN_TYPE = YES_ERROR;
				GCC_WARN_UNDECLARED_SELECTOR = YES;
				GCC_WARN_UNINITIALIZED_AUTOS = YES_AGGRESSIVE;
				GCC_WARN_UNUSED_FUNCTION = YES;
				GCC_WARN_UNUSED_VARIABLE = YES;
				IPHONEOS_DEPLOYMENT_TARGET = 15.2;
				MTL_ENABLE_DEBUG_INFO = INCLUDE_SOURCE;
				MTL_FAST_MATH = YES;
				ONLY_ACTIVE_ARCH = YES;
				SDKROOT = iphoneos;
				SWIFT_ACTIVE_COMPILATION_CONDITIONS = DEBUG;
				SWIFT_OPTIMIZATION_LEVEL = "-Onone";
			};
			name = Debug;
		};
		1EE9969C2FA1C3DF0022705C /* Release */ = {
			isa = XCBuildConfiguration;
			buildSettings = {
				ALWAYS_SEARCH_USER_PATHS = NO;
				CLANG_ANALYZER_NONNULL = YES;
				CLANG_ANALYZER_NUMBER_OBJECT_CONVERSION = YES_AGGRESSIVE;
				CLANG_CXX_LANGUAGE_STANDARD = "gnu++17";
				CLANG_CXX_LIBRARY = "libc++";
				CLANG_ENABLE_MODULES = YES;
				CLANG_ENABLE_OBJC_ARC = YES;
				CLANG_ENABLE_OBJC_WEAK = YES;
				CLANG_WARN_BLOCK_CAPTURE_AUTORELEASING = YES;
				CLANG_WARN_BOOL_CONVERSION = YES;
				CLANG_WARN_COMMA = YES;
				CLANG_WARN_CONSTANT_CONVERSION = YES;
				CLANG_WARN_DEPRECATED_OBJC_IMPLEMENTATIONS = YES;
				CLANG_WARN_DIRECT_OBJC_ISA_USAGE = YES_ERROR;
				CLANG_WARN_DOCUMENTATION_COMMENTS = YES;
				CLANG_WARN_EMPTY_BODY = YES;
				CLANG_WARN_ENUM_CONVERSION = YES;
				CLANG_WARN_INFINITE_RECURSION = YES;
				CLANG_WARN_INT_CONVERSION = YES;
				CLANG_WARN_NON_LITERAL_NULL_CONVERSION = YES;
				CLANG_WARN_OBJC_IMPLICIT_RETAIN_SELF = YES;
				CLANG_WARN_OBJC_LITERAL_CONVERSION = YES;
				CLANG_WARN_OBJC_ROOT_CLASS = YES_ERROR;
				CLANG_WARN_QUOTED_INCLUDE_IN_FRAMEWORK_HEADER = YES;
				CLANG_WARN_RANGE_LOOP_ANALYSIS = YES;
				CLANG_WARN_STRICT_PROTOTYPES = YES;
				CLANG_WARN_SUSPICIOUS_MOVE = YES;
				CLANG_WARN_UNGUARDED_AVAILABILITY = YES_AGGRESSIVE;
				CLANG_WARN_UNREACHABLE_CODE = YES;
				CLANG_WARN__DUPLICATE_METHOD_MATCH = YES;
				COPY_PHASE_STRIP = NO;
				DEBUG_INFORMATION_FORMAT = "dwarf-with-dsym";
				ENABLE_NS_ASSERTIONS = NO;
				ENABLE_STRICT_OBJC_MSGSEND = YES;
				GCC_C_LANGUAGE_STANDARD = gnu11;
				GCC_NO_COMMON_BLOCKS = YES;
				GCC_WARN_64_TO_32_BIT_CONVERSION = YES;
				GCC_WARN_ABOUT_RETURN_TYPE = YES_ERROR;
				GCC_WARN_UNDECLARED_SELECTOR = YES;
				GCC_WARN_UNINITIALIZED_AUTOS = YES_AGGRESSIVE;
				GCC_WARN_UNUSED_FUNCTION = YES;
				GCC_WARN_UNUSED_VARIABLE = YES;
				IPHONEOS_DEPLOYMENT_TARGET = 15.2;
				MTL_ENABLE_DEBUG_INFO = NO;
				MTL_FAST_MATH = YES;
				SDKROOT = iphoneos;
				SWIFT_COMPILATION_MODE = wholemodule;
				SWIFT_OPTIMIZATION_LEVEL = "-O";
				VALIDATE_PRODUCT = YES;
			};
			name = Release;
		};
		1EE9969E2FA1C3DF0022705C /* Debug */ = {
			isa = XCBuildConfiguration;
			buildSettings = {
				ASSETCATALOG_COMPILER_APPICON_NAME = AppIcon;
				ASSETCATALOG_COMPILER_GLOBAL_ACCENT_COLOR_NAME = AccentColor;
				CODE_SIGN_STYLE = Automatic;
				CURRENT_PROJECT_VERSION = 1;
				DEVELOPMENT_ASSET_PATHS = "";
				DEVELOPMENT_TEAM = 8PN34TR97W;
				ENABLE_PREVIEWS = YES;
				GENERATE_INFOPLIST_FILE = YES;
				INFOPLIST_KEY_CFBundleDisplayName = "Cinematicket Dat Ve Xem Phim";
				INFOPLIST_KEY_UIApplicationSceneManifest_Generation = YES;
				INFOPLIST_KEY_UIApplicationSupportsIndirectInputEvents = YES;
				INFOPLIST_KEY_UILaunchScreen_Generation = YES;
				INFOPLIST_KEY_UISupportedInterfaceOrientations_iPad = "UIInterfaceOrientationPortrait UIInterfaceOrientationPortraitUpsideDown UIInterfaceOrientationLandscapeLeft UIInterfaceOrientationLandscapeRight";
				INFOPLIST_KEY_UISupportedInterfaceOrientations_iPhone = "UIInterfaceOrientationPortrait UIInterfaceOrientationLandscapeLeft UIInterfaceOrientationLandscapeRight";
				IPHONEOS_DEPLOYMENT_TARGET = 16.0;
				LD_RUNPATH_SEARCH_PATHS = (
					"$(inherited)",
					"@executable_path/Frameworks",
				);
				MARKETING_VERSION = 1.0.0;
				PRODUCT_BUNDLE_IDENTIFIER = com.gnoodie.MovieBookingApp;
				PRODUCT_NAME = "$(TARGET_NAME)";
				SWIFT_EMIT_LOC_STRINGS = YES;
				SWIFT_VERSION = 5.0;
				TARGETED_DEVICE_FAMILY = "1,2";
			};
			name = Debug;
		};
		1EE9969F2FA1C3DF0022705C /* Release */ = {
			isa = XCBuildConfiguration;
			buildSettings = {
				ASSETCATALOG_COMPILER_APPICON_NAME = AppIcon;
				ASSETCATALOG_COMPILER_GLOBAL_ACCENT_COLOR_NAME = AccentColor;
				CODE_SIGN_STYLE = Automatic;
				CURRENT_PROJECT_VERSION = 1;
				DEVELOPMENT_ASSET_PATHS = "";
				DEVELOPMENT_TEAM = 8PN34TR97W;
				ENABLE_PREVIEWS = YES;
				GENERATE_INFOPLIST_FILE = YES;
				INFOPLIST_KEY_CFBundleDisplayName = "Cinematicket Dat Ve Xem Phim";
				INFOPLIST_KEY_UIApplicationSceneManifest_Generation = YES;
				INFOPLIST_KEY_UIApplicationSupportsIndirectInputEvents = YES;
				INFOPLIST_KEY_UILaunchScreen_Generation = YES;
				INFOPLIST_KEY_UISupportedInterfaceOrientations_iPad = "UIInterfaceOrientationPortrait UIInterfaceOrientationPortraitUpsideDown UIInterfaceOrientationLandscapeLeft UIInterfaceOrientationLandscapeRight";
				INFOPLIST_KEY_UISupportedInterfaceOrientations_iPhone = "UIInterfaceOrientationPortrait UIInterfaceOrientationLandscapeLeft UIInterfaceOrientationLandscapeRight";
				IPHONEOS_DEPLOYMENT_TARGET = 16.0;
				LD_RUNPATH_SEARCH_PATHS = (
					"$(inherited)",
					"@executable_path/Frameworks",
				);
				MARKETING_VERSION = 1.0.0;
				PRODUCT_BUNDLE_IDENTIFIER = com.gnoodie.MovieBookingApp;
				PRODUCT_NAME = "$(TARGET_NAME)";
				SWIFT_EMIT_LOC_STRINGS = YES;
				SWIFT_VERSION = 5.0;
				TARGETED_DEVICE_FAMILY = "1,2";
			};
			name = Release;
		};
		1EE996A12FA1C3DF0022705C /* Debug */ = {
			isa = XCBuildConfiguration;
			buildSettings = {
				BUNDLE_LOADER = "$(TEST_HOST)";
				CODE_SIGN_STYLE = Automatic;
				CURRENT_PROJECT_VERSION = 1;
				GENERATE_INFOPLIST_FILE = YES;
				IPHONEOS_DEPLOYMENT_TARGET = 15.2;
				MARKETING_VERSION = 1.0;
				PRODUCT_BUNDLE_IDENTIFIER = com.gnoodie.MovieBookingAppTests;
				PRODUCT_NAME = "$(TARGET_NAME)";
				SWIFT_EMIT_LOC_STRINGS = NO;
				SWIFT_VERSION = 5.0;
				TARGETED_DEVICE_FAMILY = "1,2";
				TEST_HOST = "$(BUILT_PRODUCTS_DIR)/MovieBookingApp.app/MovieBookingApp";
			};
			name = Debug;
		};
		1EE996A22FA1C3DF0022705C /* Release */ = {
			isa = XCBuildConfiguration;
			buildSettings = {
				BUNDLE_LOADER = "$(TEST_HOST)";
				CODE_SIGN_STYLE = Automatic;
				CURRENT_PROJECT_VERSION = 1;
				GENERATE_INFOPLIST_FILE = YES;
				IPHONEOS_DEPLOYMENT_TARGET = 15.2;
				MARKETING_VERSION = 1.0;
				PRODUCT_BUNDLE_IDENTIFIER = com.gnoodie.MovieBookingAppTests;
				PRODUCT_NAME = "$(TARGET_NAME)";
				SWIFT_EMIT_LOC_STRINGS = NO;
				SWIFT_VERSION = 5.0;
				TARGETED_DEVICE_FAMILY = "1,2";
				TEST_HOST = "$(BUILT_PRODUCTS_DIR)/MovieBookingApp.app/MovieBookingApp";
			};
			name = Release;
		};
		1EE996A42FA1C3DF0022705C /* Debug */ = {
			isa = XCBuildConfiguration;
			buildSettings = {
				CODE_SIGN_STYLE = Automatic;
				CURRENT_PROJECT_VERSION = 1;
				GENERATE_INFOPLIST_FILE = YES;
				MARKETING_VERSION = 1.0;
				PRODUCT_BUNDLE_IDENTIFIER = com.gnoodie.MovieBookingAppUITests;
				PRODUCT_NAME = "$(TARGET_NAME)";
				SWIFT_EMIT_LOC_STRINGS = NO;
				SWIFT_VERSION = 5.0;
				TARGETED_DEVICE_FAMILY = "1,2";
				TEST_TARGET_NAME = MovieBookingApp;
			};
			name = Debug;
		};
		1EE996A52FA1C3DF0022705C /* Release */ = {
			isa = XCBuildConfiguration;
			buildSettings = {
				CODE_SIGN_STYLE = Automatic;
				CURRENT_PROJECT_VERSION = 1;
				GENERATE_INFOPLIST_FILE = YES;
				MARKETING_VERSION = 1.0;
				PRODUCT_BUNDLE_IDENTIFIER = com.gnoodie.MovieBookingAppUITests;
				PRODUCT_NAME = "$(TARGET_NAME)";
				SWIFT_EMIT_LOC_STRINGS = NO;
				SWIFT_VERSION = 5.0;
				TARGETED_DEVICE_FAMILY = "1,2";
				TEST_TARGET_NAME = MovieBookingApp;
			};
			name = Release;
		};
/* End XCBuildConfiguration section */

/* Begin XCConfigurationList section */
		1EE996742FA1C3DD0022705C /* Build configuration list for PBXProject "MovieBookingApp" */ = {
			isa = XCConfigurationList;
			buildConfigurations = (
				1EE9969B2FA1C3DF0022705C /* Debug */,
				1EE9969C2FA1C3DF0022705C /* Release */,
			);
			defaultConfigurationIsVisible = 0;
			defaultConfigurationName = Release;
		};
		1EE9969D2FA1C3DF0022705C /* Build configuration list for PBXNativeTarget "MovieBookingApp" */ = {
			isa = XCConfigurationList;
			buildConfigurations = (
				1EE9969E2FA1C3DF0022705C /* Debug */,
				1EE9969F2FA1C3DF0022705C /* Release */,
			);
			defaultConfigurationIsVisible = 0;
			defaultConfigurationName = Release;
		};
		1EE996A02FA1C3DF0022705C /* Build configuration list for PBXNativeTarget "MovieBookingAppTests" */ = {
			isa = XCConfigurationList;
			buildConfigurations = (
				1EE996A12FA1C3DF0022705C /* Debug */,
				1EE996A22FA1C3DF0022705C /* Release */,
			);
			defaultConfigurationIsVisible = 0;
			defaultConfigurationName = Release;
		};
		1EE996A32FA1C3DF0022705C /* Build configuration list for PBXNativeTarget "MovieBookingAppUITests" */ = {
			isa = XCConfigurationList;
			buildConfigurations = (
				1EE996A42FA1C3DF0022705C /* Debug */,
				1EE996A52FA1C3DF0022705C /* Release */,
			);
			defaultConfigurationIsVisible = 0;
			defaultConfigurationName = Release;
		};
/* End XCConfigurationList section */

/* Begin XCRemoteSwiftPackageReference section */
		1E1ADEA82FB1D98E00A9DA6C /* XCRemoteSwiftPackageReference "firebase-ios-sdk" */ = {
			isa = XCRemoteSwiftPackageReference;
			repositoryURL = "https://github.com/firebase/firebase-ios-sdk";
			requirement = {
				kind = upToNextMajorVersion;
				minimumVersion = 11.0.0;
			};
		};
/* End XCRemoteSwiftPackageReference section */

/* Begin XCSwiftPackageProductDependency section */
		1E1ADEAC2FB1DA8600A9DA6C /* FirebaseAuth */ = {
			isa = XCSwiftPackageProductDependency;
			package = 1E1ADEA82FB1D98E00A9DA6C /* XCRemoteSwiftPackageReference "firebase-ios-sdk" */;
			productName = FirebaseAuth;
		};
		1E1ADEAE2FB1DA9100A9DA6C /* FirebaseFirestore */ = {
			isa = XCSwiftPackageProductDependency;
			package = 1E1ADEA82FB1D98E00A9DA6C /* XCRemoteSwiftPackageReference "firebase-ios-sdk" */;
			productName = FirebaseFirestore;
		};
/* End XCSwiftPackageProductDependency section */
	};
	rootObject = 1EE996712FA1C3DD0022705C /* Project object */;
}
