// !$*UTF8*$!
{
	archiveVersion = 1;
	classes = {
	};
	objectVersion = 55;
	objects = {

/* Begin PBXBuildFile section */
		1E30E2AF2FA1C47D00F3A28C /* App in Resources */ = {isa = PBXBuildFile; fileRef = 1E30E2AE2FA1C47D00F3A28C /* App */; };
		1E30E2B12FA1C48800F3A28C /* Configurations in Resources */ = {isa = PBXBuildFile; fileRef = 1E30E2B02FA1C48800F3A28C /* Configurations */; };
		1E30E2B32FA1C49400F3A28C /* Shared in Resources */ = {isa = PBXBuildFile; fileRef = 1E30E2B22FA1C49400F3A28C /* Shared */; };
/* End PBXBuildFile section */

/* Begin PBXContainerItemProxy section */
		1EE9968A2FA1C3DF0022705C /* PBXContainerItemProxy */ = {
			isa = PBXContainerItemProxy;
			containerPortal = 1EE996712FA1C3DD0022705C /* Project object */;
			proxyType = 1;
			remoteGlobalIDString = 1EE996782FA1C3DE0022705C;
			remoteInfo = MovieBookingApp;
		};
		1EE996942FA1C3DF0022705C /* PBXContainerItemProxy */ = {
			isa = PBXContainerItemProxy;
			containerPortal = 1EE996712FA1C3DD0022705C /* Project object */;
			proxyType = 1;
			remoteGlobalIDString = 1EE996782FA1C3DE0022705C;
			remoteInfo = MovieBookingApp;
		};
/* End PBXContainerItemProxy section */

/* Begin PBXFileReference section */
		1E30E2AE2FA1C47D00F3A28C /* App */ = {isa = PBXFileReference; lastKnownFileType = folder; path = App; sourceTree = "<group>"; };
		1E30E2B02FA1C48800F3A28C /* Configurations */ = {isa = PBXFileReference; lastKnownFileType = folder; path = Configurations; sourceTree = "<group>"; };
		1E30E2B22FA1C49400F3A28C /* Shared */ = {isa = PBXFileReference; lastKnownFileType = folder; path = Shared; sourceTree = "<group>"; };
		1EE996792FA1C3DE0022705C /* MovieBookingApp.app */ = {isa = PBXFileReference; explicitFileType = wrapper.application; includeInIndex = 0; path = MovieBookingApp.app; sourceTree = BUILT_PRODUCTS_DIR; };
		1EE996892FA1C3DF0022705C /* MovieBookingAppTests.xctest */ = {isa = PBXFileReference; explicitFileType = wrapper.cfbundle; includeInIndex = 0; path = MovieBookingAppTests.xctest; sourceTree = BUILT_PRODUCTS_DIR; };
		1EE996932FA1C3DF0022705C /* MovieBookingAppUITests.xctest */ = {isa = PBXFileReference; explicitFileType = wrapper.cfbundle; includeInIndex = 0; path = MovieBookingAppUITests.xctest; sourceTree = BUILT_PRODUCTS_DIR; };
/* End PBXFileReference section */

/* Begin PBXFrameworksBuildPhase section */
		1EE996762FA1C3DE0022705C /* Frameworks */ = {
			isa = PBXFrameworksBuildPhase;
			buildActionMask = 2147483647;
			files = (
			);
			runOnlyForDeploymentPostprocessing = 0;
		};
		1EE996862FA1C3DF0022705C /* Frameworks */ = {
			isa = PBXFrameworksBuildPhase;
			buildActionMask = 2147483647;
			files = (
			);
			runOnlyForDeploymentPostprocessing = 0;
		};
		1EE996902FA1C3DF0022705C /* Frameworks */ = {
			isa = PBXFrameworksBuildPhase;
			buildActionMask = 2147483647;
			files = (
			);
			runOnlyForDeploymentPostprocessing = 0;
		};
/* End PBXFrameworksBuildPhase section */

/* Begin PBXGroup section */
		1EE996702FA1C3DD0022705C = {
			isa = PBXGroup;
			children = (
				1E30E2B22FA1C49400F3A28C /* Shared */,
				1E30E2B02FA1C48800F3A28C /* Configurations */,
				1E30E2AE2FA1C47D00F3A28C /* App */,
				1EE996962FA1C3DF0022705C /* MovieBookingAppUITests */,
				1EE9967A2FA1C3DE0022705C /* Products */,
			);
			sourceTree = "<group>";
		};
		1EE9967A2FA1C3DE0022705C /* Products */ = {
			isa = PBXGroup;
			children = (
				1EE996792FA1C3DE0022705C /* MovieBookingApp.app */,
				1EE996892FA1C3DF0022705C /* MovieBookingAppTests.xctest */,
				1EE996932FA1C3DF0022705C /* MovieBookingAppUITests.xctest */,
			);
			name = Products;
			sourceTree = "<group>";
		};
		1EE996962FA1C3DF0022705C /* MovieBookingAppUITests */ = {
			isa = PBXGroup;
			children = (
			);
			path = MovieBookingAppUITests;
			sourceTree = "<group>";
		};
/* End PBXGroup section */

/* Begin PBXNativeTarget section */
		1EE996782FA1C3DE0022705C /* MovieBookingApp */ = {
			isa = PBXNativeTarget;
			buildConfigurationList = 1EE9969D2FA1C3DF0022705C /* Build configuration list for PBXNativeTarget "MovieBookingApp" */;
			buildPhases = (
				1EE996752FA1C3DE0022705C /* Sources */,
				1EE996762FA1C3DE0022705C /* Frameworks */,
				1EE996772FA1C3DE0022705C /* Resources */,
			);
			buildRules = (
			);
			dependencies = (
			);
			name = MovieBookingApp;
			productName = MovieBookingApp;
			productReference = 1EE996792FA1C3DE0022705C /* MovieBookingApp.app */;
			productType = "com.apple.product-type.application";
		};
		1EE996882FA1C3DF0022705C /* MovieBookingAppTests */ = {
			isa = PBXNativeTarget;
			buildConfigurationList = 1EE996A02FA1C3DF0022705C /* Build configuration list for PBXNativeTarget "MovieBookingAppTests" */;
			buildPhases = (
				1EE996852FA1C3DF0022705C /* Sources */,
				1EE996862FA1C3DF0022705C /* Frameworks */,
				1EE996872FA1C3DF0022705C /* Resources */,
			);
			buildRules = (
			);
			dependencies = (
				1EE9968B2FA1C3DF0022705C /* PBXTargetDependency */,
			);
			name = MovieBookingAppTests;
			productName = MovieBookingAppTests;
			productReference = 1EE996892FA1C3DF0022705C /* MovieBookingAppTests.xctest */;
			productType = "com.apple.product-type.bundle.unit-test";
		};
		1EE996922FA1C3DF0022705C /* MovieBookingAppUITests */ = {
			isa = PBXNativeTarget;
			buildConfigurationList = 1EE996A32FA1C3DF0022705C /* Build configuration list for PBXNativeTarget "MovieBookingAppUITests" */;
			buildPhases = (
				1EE9968F2FA1C3DF0022705C /* Sources */,
				1EE996902FA1C3DF0022705C /* Frameworks */,
				1EE996912FA1C3DF0022705C /* Resources */,
			);
			buildRules = (
			);
			dependencies = (
				1EE996952FA1C3DF0022705C /* PBXTargetDependency */,
			);
			name = MovieBookingAppUITests;
			productName = MovieBookingAppUITests;
			productReference = 1EE996932FA1C3DF0022705C /* MovieBookingAppUITests.xctest */;
			productType = "com.apple.product-type.bundle.ui-testing";
		};
/* End PBXNativeTarget section */

/* Begin PBXProject section */
		1EE996712FA1C3DD0022705C /* Project object */ = {
			isa = PBXProject;
			attributes = {
				BuildIndependentTargetsInParallel = 1;
				LastSwiftUpdateCheck = 1320;
				LastUpgradeCheck = 1320;
				TargetAttributes = {
					1EE996782FA1C3DE0022705C = {
						CreatedOnToolsVersion = 13.2.1;
					};
					1EE996882FA1C3DF0022705C = {
						CreatedOnToolsVersion = 13.2.1;
						TestTargetID = 1EE996782FA1C3DE0022705C;
					};
					1EE996922FA1C3DF0022705C = {
						CreatedOnToolsVersion = 13.2.1;
						TestTargetID = 1EE996782FA1C3DE0022705C;
					};
				};
			};
			buildConfigurationList = 1EE996742FA1C3DD0022705C /* Build configuration list for PBXProject "MovieBookingApp" */;
			compatibilityVersion = "Xcode 13.0";
			developmentRegion = en;
			hasScannedForEncodings = 0;
			knownRegions = (
				en,
				Base,
			);
			mainGroup = 1EE996702FA1C3DD0022705C;
			packageReferences = (
				1E30E2B42FA1C4DB00F3A28C /* XCRemoteSwiftPackageReference "swift-composable-architecture" */,
			);
			productRefGroup = 1EE9967A2FA1C3DE0022705C /* Products */;
			projectDirPath = "";
			projectRoot = "";
			targets = (
				1EE996782FA1C3DE0022705C /* MovieBookingApp */,
				1EE996882FA1C3DF0022705C /* MovieBookingAppTests */,
				1EE996922FA1C3DF0022705C /* MovieBookingAppUITests */,
			);
		};
/* End PBXProject section */

/* Begin PBXResourcesBuildPhase section */
		1EE996772FA1C3DE0022705C /* Resources */ = {
			isa = PBXResourcesBuildPhase;
			buildActionMask = 2147483647;
			files = (
				1E30E2AF2FA1C47D00F3A28C /* App in Resources */,
				1E30E2B12FA1C48800F3A28C /* Configurations in Resources */,
				1E30E2B32FA1C49400F3A28C /* Shared in Resources */,
			);
			runOnlyForDeploymentPostprocessing = 0;
		};
		1EE996872FA1C3DF0022705C /* Resources */ = {
			isa = PBXResourcesBuildPhase;
			buildActionMask = 2147483647;
			files = (
			);
			runOnlyForDeploymentPostprocessing = 0;
		};
		1EE996912FA1C3DF0022705C /* Resources */ = {
			isa = PBXResourcesBuildPhase;
			buildActionMask = 2147483647;
			files = (
			);
			runOnlyForDeploymentPostprocessing = 0;
		};
/* End PBXResourcesBuildPhase section */

/* Begin PBXSourcesBuildPhase section */
		1EE996752FA1C3DE0022705C /* Sources */ = {
			isa = PBXSourcesBuildPhase;
			buildActionMask = 2147483647;
			files = (
			);
			runOnlyForDeploymentPostprocessing = 0;
		};
		1EE996852FA1C3DF0022705C /* Sources */ = {
			isa = PBXSourcesBuildPhase;
			buildActionMask = 2147483647;
			files = (
			);
			runOnlyForDeploymentPostprocessing = 0;
		};
		1EE9968F2FA1C3DF0022705C /* Sources */ = {
			isa = PBXSourcesBuildPhase;
			buildActionMask = 2147483647;
			files = (
			);
			runOnlyForDeploymentPostprocessing = 0;
		};
/* End PBXSourcesBuildPhase section */

/* Begin PBXTargetDependency section */
		1EE9968B2FA1C3DF0022705C /* PBXTargetDependency */ = {
			isa = PBXTargetDependency;
			target = 1EE996782FA1C3DE0022705C /* MovieBookingApp */;
			targetProxy = 1EE9968A2FA1C3DF0022705C /* PBXContainerItemProxy */;
		};
		1EE996952FA1C3DF0022705C /* PBXTargetDependency */ = {
			isa = PBXTargetDependency;
			target = 1EE996782FA1C3DE0022705C /* MovieBookingApp */;
			targetProxy = 1EE996942FA1C3DF0022705C /* PBXContainerItemProxy */;
		};
/* End PBXTargetDependency section */

/* Begin XCBuildConfiguration section */
		1EE9969B2FA1C3DF0022705C /* Debug */ = {
			isa = XCBuildConfiguration;
			buildSettings = {
				ALWAYS_SEARCH_USER_PATHS = NO;
				CLANG_ANALYZER_NONNULL = YES;
				CLANG_ANALYZER_NUMBER_OBJECT_CONVERSION = YES_AGGRESSIVE;
				CLANG_CXX_LANGUAGE_STANDARD = "gnu++17";
				CLANG_CXX_LIBRARY = "libc++";
				CLANG_ENABLE_MODULES = YES;
				CLANG_ENABLE_OBJC_ARC = YES;
				CLANG_ENABLE_OBJC_WEAK = YES;
				CLANG_WARN_BLOCK_CAPTURE_AUTORELEASING = YES;
				CLANG_WARN_BOOL_CONVERSION = YES;
				CLANG_WARN_COMMA = YES;
				CLANG_WARN_CONSTANT_CONVERSION = YES;
				CLANG_WARN_DEPRECATED_OBJC_IMPLEMENTATIONS = YES;
				CLANG_WARN_DIRECT_OBJC_ISA_USAGE = YES_ERROR;
				CLANG_WARN_DOCUMENTATION_COMMENTS = YES;
				CLANG_WARN_EMPTY_BODY = YES;
				CLANG_WARN_ENUM_CONVERSION = YES;
				CLANG_WARN_INFINITE_RECURSION = YES;
				CLANG_WARN_INT_CONVERSION = YES;
				CLANG_WARN_NON_LITERAL_NULL_CONVERSION = YES;
				CLANG_WARN_OBJC_IMPLICIT_RETAIN_SELF = YES;
				CLANG_WARN_OBJC_LITERAL_CONVERSION = YES;
				CLANG_WARN_OBJC_ROOT_CLASS = YES_ERROR;
				CLANG_WARN_QUOTED_INCLUDE_IN_FRAMEWORK_HEADER = YES;
				CLANG_WARN_RANGE_LOOP_ANALYSIS = YES;
				CLANG_WARN_STRICT_PROTOTYPES = YES;
				CLANG_WARN_SUSPICIOUS_MOVE = YES;
				CLANG_WARN_UNGUARDED_AVAILABILITY = YES_AGGRESSIVE;
				CLANG_WARN_UNREACHABLE_CODE = YES;
				CLANG_WARN__DUPLICATE_METHOD_MATCH = YES;
				COPY_PHASE_STRIP = NO;
				DEBUG_INFORMATION_FORMAT = dwarf;
				ENABLE_STRICT_OBJC_MSGSEND = YES;
				ENABLE_TESTABILITY = YES;
				GCC_C_LANGUAGE_STANDARD = gnu11;
				GCC_DYNAMIC_NO_PIC = NO;
				GCC_NO_COMMON_BLOCKS = YES;
				GCC_OPTIMIZATION_LEVEL = 0;
				GCC_PREPROCESSOR_DEFINITIONS = (
					"DEBUG=1",
					"$(inherited)",
				);
				GCC_WARN_64_TO_32_BIT_CONVERSION = YES;
				GCC_WARN_ABOUT_RETURN_TYPE = YES_ERROR;
				GCC_WARN_UNDECLARED_SELECTOR = YES;
				GCC_WARN_UNINITIALIZED_AUTOS = YES_AGGRESSIVE;
				GCC_WARN_UNUSED_FUNCTION = YES;
				GCC_WARN_UNUSED_VARIABLE = YES;
				IPHONEOS_DEPLOYMENT_TARGET = 15.2;
				MTL_ENABLE_DEBUG_INFO = INCLUDE_SOURCE;
				MTL_FAST_MATH = YES;
				ONLY_ACTIVE_ARCH = YES;
				SDKROOT = iphoneos;
				SWIFT_ACTIVE_COMPILATION_CONDITIONS = DEBUG;
				SWIFT_OPTIMIZATION_LEVEL = "-Onone";
			};
			name = Debug;
		};
		1EE9969C2FA1C3DF0022705C /* Release */ = {
			isa = XCBuildConfiguration;
			buildSettings = {
				ALWAYS_SEARCH_USER_PATHS = NO;
				CLANG_ANALYZER_NONNULL = YES;
				CLANG_ANALYZER_NUMBER_OBJECT_CONVERSION = YES_AGGRESSIVE;
				CLANG_CXX_LANGUAGE_STANDARD = "gnu++17";
				CLANG_CXX_LIBRARY = "libc++";
				CLANG_ENABLE_MODULES = YES;
				CLANG_ENABLE_OBJC_ARC = YES;
				CLANG_ENABLE_OBJC_WEAK = YES;
				CLANG_WARN_BLOCK_CAPTURE_AUTORELEASING = YES;
				CLANG_WARN_BOOL_CONVERSION = YES;
				CLANG_WARN_COMMA = YES;
				CLANG_WARN_CONSTANT_CONVERSION = YES;
				CLANG_WARN_DEPRECATED_OBJC_IMPLEMENTATIONS = YES;
				CLANG_WARN_DIRECT_OBJC_ISA_USAGE = YES_ERROR;
				CLANG_WARN_DOCUMENTATION_COMMENTS = YES;
				CLANG_WARN_EMPTY_BODY = YES;
				CLANG_WARN_ENUM_CONVERSION = YES;
				CLANG_WARN_INFINITE_RECURSION = YES;
				CLANG_WARN_INT_CONVERSION = YES;
				CLANG_WARN_NON_LITERAL_NULL_CONVERSION = YES;
				CLANG_WARN_OBJC_IMPLICIT_RETAIN_SELF = YES;
				CLANG_WARN_OBJC_LITERAL_CONVERSION = YES;
				CLANG_WARN_OBJC_ROOT_CLASS = YES_ERROR;
				CLANG_WARN_QUOTED_INCLUDE_IN_FRAMEWORK_HEADER = YES;
				CLANG_WARN_RANGE_LOOP_ANALYSIS = YES;
				CLANG_WARN_STRICT_PROTOTYPES = YES;
				CLANG_WARN_SUSPICIOUS_MOVE = YES;
				CLANG_WARN_UNGUARDED_AVAILABILITY = YES_AGGRESSIVE;
				CLANG_WARN_UNREACHABLE_CODE = YES;
				CLANG_WARN__DUPLICATE_METHOD_MATCH = YES;
				COPY_PHASE_STRIP = NO;
				DEBUG_INFORMATION_FORMAT = "dwarf-with-dsym";
				ENABLE_NS_ASSERTIONS = NO;
				ENABLE_STRICT_OBJC_MSGSEND = YES;
				GCC_C_LANGUAGE_STANDARD = gnu11;
				GCC_NO_COMMON_BLOCKS = YES;
				GCC_WARN_64_TO_32_BIT_CONVERSION = YES;
				GCC_WARN_ABOUT_RETURN_TYPE = YES_ERROR;
				GCC_WARN_UNDECLARED_SELECTOR = YES;
				GCC_WARN_UNINITIALIZED_AUTOS = YES_AGGRESSIVE;
				GCC_WARN_UNUSED_FUNCTION = YES;
				GCC_WARN_UNUSED_VARIABLE = YES;
				IPHONEOS_DEPLOYMENT_TARGET = 15.2;
				MTL_ENABLE_DEBUG_INFO = NO;
				MTL_FAST_MATH = YES;
				SDKROOT = iphoneos;
				SWIFT_COMPILATION_MODE = wholemodule;
				SWIFT_OPTIMIZATION_LEVEL = "-O";
				VALIDATE_PRODUCT = YES;
			};
			name = Release;
		};
		1EE9969E2FA1C3DF0022705C /* Debug */ = {
			isa = XCBuildConfiguration;
			buildSettings = {
				ASSETCATALOG_COMPILER_APPICON_NAME = AppIcon;
				ASSETCATALOG_COMPILER_GLOBAL_ACCENT_COLOR_NAME = AccentColor;
				CODE_SIGN_STYLE = Automatic;
				CURRENT_PROJECT_VERSION = 1;
				DEVELOPMENT_ASSET_PATHS = "\"MovieBookingApp/Preview Content\"";
				ENABLE_PREVIEWS = YES;
				GENERATE_INFOPLIST_FILE = YES;
				INFOPLIST_KEY_UIApplicationSceneManifest_Generation = YES;
				INFOPLIST_KEY_UIApplicationSupportsIndirectInputEvents = YES;
				INFOPLIST_KEY_UILaunchScreen_Generation = YES;
				INFOPLIST_KEY_UISupportedInterfaceOrientations_iPad = "UIInterfaceOrientationPortrait UIInterfaceOrientationPortraitUpsideDown UIInterfaceOrientationLandscapeLeft UIInterfaceOrientationLandscapeRight";
				INFOPLIST_KEY_UISupportedInterfaceOrientations_iPhone = "UIInterfaceOrientationPortrait UIInterfaceOrientationLandscapeLeft UIInterfaceOrientationLandscapeRight";
				LD_RUNPATH_SEARCH_PATHS = (
					"$(inherited)",
					"@executable_path/Frameworks",
				);
				MARKETING_VERSION = 1.0;
				PRODUCT_BUNDLE_IDENTIFIER = com.gnoodie.MovieBookingApp;
				PRODUCT_NAME = "$(TARGET_NAME)";
				SWIFT_EMIT_LOC_STRINGS = YES;
				SWIFT_VERSION = 5.0;
				TARGETED_DEVICE_FAMILY = "1,2";
			};
			name = Debug;
		};
		1EE9969F2FA1C3DF0022705C /* Release */ = {
			isa = XCBuildConfiguration;
			buildSettings = {
				ASSETCATALOG_COMPILER_APPICON_NAME = AppIcon;
				ASSETCATALOG_COMPILER_GLOBAL_ACCENT_COLOR_NAME = AccentColor;
				CODE_SIGN_STYLE = Automatic;
				CURRENT_PROJECT_VERSION = 1;
				DEVELOPMENT_ASSET_PATHS = "\"MovieBookingApp/Preview Content\"";
				ENABLE_PREVIEWS = YES;
				GENERATE_INFOPLIST_FILE = YES;
				INFOPLIST_KEY_UIApplicationSceneManifest_Generation = YES;
				INFOPLIST_KEY_UIApplicationSupportsIndirectInputEvents = YES;
				INFOPLIST_KEY_UILaunchScreen_Generation = YES;
				INFOPLIST_KEY_UISupportedInterfaceOrientations_iPad = "UIInterfaceOrientationPortrait UIInterfaceOrientationPortraitUpsideDown UIInterfaceOrientationLandscapeLeft UIInterfaceOrientationLandscapeRight";
				INFOPLIST_KEY_UISupportedInterfaceOrientations_iPhone = "UIInterfaceOrientationPortrait UIInterfaceOrientationLandscapeLeft UIInterfaceOrientationLandscapeRight";
				LD_RUNPATH_SEARCH_PATHS = (
					"$(inherited)",
					"@executable_path/Frameworks",
				);
				MARKETING_VERSION = 1.0;
				PRODUCT_BUNDLE_IDENTIFIER = com.gnoodie.MovieBookingApp;
				PRODUCT_NAME = "$(TARGET_NAME)";
				SWIFT_EMIT_LOC_STRINGS = YES;
				SWIFT_VERSION = 5.0;
				TARGETED_DEVICE_FAMILY = "1,2";
			};
			name = Release;
		};
		1EE996A12FA1C3DF0022705C /* Debug */ = {
			isa = XCBuildConfiguration;
			buildSettings = {
				BUNDLE_LOADER = "$(TEST_HOST)";
				CODE_SIGN_STYLE = Automatic;
				CURRENT_PROJECT_VERSION = 1;
				GENERATE_INFOPLIST_FILE = YES;
				IPHONEOS_DEPLOYMENT_TARGET = 15.2;
				MARKETING_VERSION = 1.0;
				PRODUCT_BUNDLE_IDENTIFIER = com.gnoodie.MovieBookingAppTests;
				PRODUCT_NAME = "$(TARGET_NAME)";
				SWIFT_EMIT_LOC_STRINGS = NO;
				SWIFT_VERSION = 5.0;
				TARGETED_DEVICE_FAMILY = "1,2";
				TEST_HOST = "$(BUILT_PRODUCTS_DIR)/MovieBookingApp.app/MovieBookingApp";
			};
			name = Debug;
		};
		1EE996A22FA1C3DF0022705C /* Release */ = {
			isa = XCBuildConfiguration;
			buildSettings = {
				BUNDLE_LOADER = "$(TEST_HOST)";
				CODE_SIGN_STYLE = Automatic;
				CURRENT_PROJECT_VERSION = 1;
				GENERATE_INFOPLIST_FILE = YES;
				IPHONEOS_DEPLOYMENT_TARGET = 15.2;
				MARKETING_VERSION = 1.0;
				PRODUCT_BUNDLE_IDENTIFIER = com.gnoodie.MovieBookingAppTests;
				PRODUCT_NAME = "$(TARGET_NAME)";
				SWIFT_EMIT_LOC_STRINGS = NO;
				SWIFT_VERSION = 5.0;
				TARGETED_DEVICE_FAMILY = "1,2";
				TEST_HOST = "$(BUILT_PRODUCTS_DIR)/MovieBookingApp.app/MovieBookingApp";
			};
			name = Release;
		};
		1EE996A42FA1C3DF0022705C /* Debug */ = {
			isa = XCBuildConfiguration;
			buildSettings = {
				CODE_SIGN_STYLE = Automatic;
				CURRENT_PROJECT_VERSION = 1;
				GENERATE_INFOPLIST_FILE = YES;
				MARKETING_VERSION = 1.0;
				PRODUCT_BUNDLE_IDENTIFIER = com.gnoodie.MovieBookingAppUITests;
				PRODUCT_NAME = "$(TARGET_NAME)";
				SWIFT_EMIT_LOC_STRINGS = NO;
				SWIFT_VERSION = 5.0;
				TARGETED_DEVICE_FAMILY = "1,2";
				TEST_TARGET_NAME = MovieBookingApp;
			};
			name = Debug;
		};
		1EE996A52FA1C3DF0022705C /* Release */ = {
			isa = XCBuildConfiguration;
			buildSettings = {
				CODE_SIGN_STYLE = Automatic;
				CURRENT_PROJECT_VERSION = 1;
				GENERATE_INFOPLIST_FILE = YES;
				MARKETING_VERSION = 1.0;
				PRODUCT_BUNDLE_IDENTIFIER = com.gnoodie.MovieBookingAppUITests;
				PRODUCT_NAME = "$(TARGET_NAME)";
				SWIFT_EMIT_LOC_STRINGS = NO;
				SWIFT_VERSION = 5.0;
				TARGETED_DEVICE_FAMILY = "1,2";
				TEST_TARGET_NAME = MovieBookingApp;
			};
			name = Release;
		};
/* End XCBuildConfiguration section */

/* Begin XCConfigurationList section */
		1EE996742FA1C3DD0022705C /* Build configuration list for PBXProject "MovieBookingApp" */ = {
			isa = XCConfigurationList;
			buildConfigurations = (
				1EE9969B2FA1C3DF0022705C /* Debug */,
				1EE9969C2FA1C3DF0022705C /* Release */,
			);
			defaultConfigurationIsVisible = 0;
			defaultConfigurationName = Release;
		};
		1EE9969D2FA1C3DF0022705C /* Build configuration list for PBXNativeTarget "MovieBookingApp" */ = {
			isa = XCConfigurationList;
			buildConfigurations = (
				1EE9969E2FA1C3DF0022705C /* Debug */,
				1EE9969F2FA1C3DF0022705C /* Release */,
			);
			defaultConfigurationIsVisible = 0;
			defaultConfigurationName = Release;
		};
		1EE996A02FA1C3DF0022705C /* Build configuration list for PBXNativeTarget "MovieBookingAppTests" */ = {
			isa = XCConfigurationList;
			buildConfigurations = (
				1EE996A12FA1C3DF0022705C /* Debug */,
				1EE996A22FA1C3DF0022705C /* Release */,
			);
			defaultConfigurationIsVisible = 0;
			defaultConfigurationName = Release;
		};
		1EE996A32FA1C3DF0022705C /* Build configuration list for PBXNativeTarget "MovieBookingAppUITests" */ = {
			isa = XCConfigurationList;
			buildConfigurations = (
				1EE996A42FA1C3DF0022705C /* Debug */,
				1EE996A52FA1C3DF0022705C /* Release */,
			);
			defaultConfigurationIsVisible = 0;
			defaultConfigurationName = Release;
		};
/* End XCConfigurationList section */

/* Begin XCRemoteSwiftPackageReference section */
		1E30E2B42FA1C4DB00F3A28C /* XCRemoteSwiftPackageReference "swift-composable-architecture" */ = {
			isa = XCRemoteSwiftPackageReference;
			repositoryURL = "https://github.com/pointfreeco/swift-composable-architecture";
			requirement = {
				kind = upToNextMajorVersion;
				minimumVersion = 1.0.0;
			};
		};
/* End XCRemoteSwiftPackageReference section */
	};
	rootObject = 1EE996712FA1C3DD0022705C /* Project object */;
}
